// !$*UTF8*$!
{
	archiveVersion = 1;
	classes = {
	};
	objectVersion = 46;
	objects = {

/* Begin PBXBuildFile section */
		5CEE8F76BF24B38B46825321 /* libPods-Akvamarin.a in Frameworks */ = {isa = PBXBuildFile; fileRef = 353B22CF7D74BDFE441972C5 /* libPods-Akvamarin.a */; };
		C9017C831D44097900F9E6E1 /* NSDateComponents+KSExtensions.m in Sources */ = {isa = PBXBuildFile; fileRef = C9017C821D44097900F9E6E1 /* NSDateComponents+KSExtensions.m */; };
		C90652BA1D454E6C00B15156 /* NSDate+KSExtensions.m in Sources */ = {isa = PBXBuildFile; fileRef = C90652B91D454E6C00B15156 /* NSDate+KSExtensions.m */; };
		C90F74831D3B7B3700F66F10 /* KSStartViewController.m in Sources */ = {isa = PBXBuildFile; fileRef = C90F74811D3B7B3700F66F10 /* KSStartViewController.m */; };
		C90F74841D3B7B3700F66F10 /* KSStartViewController.xib in Resources */ = {isa = PBXBuildFile; fileRef = C90F74821D3B7B3700F66F10 /* KSStartViewController.xib */; };
		C90F74871D3B7B6700F66F10 /* KSStartView.m in Sources */ = {isa = PBXBuildFile; fileRef = C90F74861D3B7B6700F66F10 /* KSStartView.m */; };
		C933E3BF1D62E920007AFCAB /* KSReserveContext.m in Sources */ = {isa = PBXBuildFile; fileRef = C933E3BE1D62E920007AFCAB /* KSReserveContext.m */; };
		C933E3C71D6347A3007AFCAB /* NSDateFormatter+KSExtensions.m in Sources */ = {isa = PBXBuildFile; fileRef = C933E3C61D6347A3007AFCAB /* NSDateFormatter+KSExtensions.m */; };
		C938F9941D2E88DA0081DB7D /* Assets.xcassets in Resources */ = {isa = PBXBuildFile; fileRef = C938F98C1D2E88DA0081DB7D /* Assets.xcassets */; };
		C938F9981D2E88DA0081DB7D /* main.m in Sources */ = {isa = PBXBuildFile; fileRef = C938F9921D2E88DA0081DB7D /* main.m */; };
		C938F99D1D2E8A7B0081DB7D /* AppDelegate.m in Sources */ = {isa = PBXBuildFile; fileRef = C938F99C1D2E8A7B0081DB7D /* AppDelegate.m */; };
		C938FA9F1D2EC0C30081DB7D /* CGGeometry+KSExtensions.m in Sources */ = {isa = PBXBuildFile; fileRef = C938FA361D2EC0C30081DB7D /* CGGeometry+KSExtensions.m */; };
		C938FAA01D2EC0C30081DB7D /* NSBundle+KSExtensions.m in Sources */ = {isa = PBXBuildFile; fileRef = C938FA391D2EC0C30081DB7D /* NSBundle+KSExtensions.m */; };
		C938FAA11D2EC0C30081DB7D /* NSFileManager+KSExtensions.m in Sources */ = {isa = PBXBuildFile; fileRef = C938FA3C1D2EC0C30081DB7D /* NSFileManager+KSExtensions.m */; };
		C938FAA21D2EC0C30081DB7D /* NSObject+KSExtension.m in Sources */ = {isa = PBXBuildFile; fileRef = C938FA3F1D2EC0C30081DB7D /* NSObject+KSExtension.m */; };
		C938FAA31D2EC0C30081DB7D /* NSString+KSExtension.m in Sources */ = {isa = PBXBuildFile; fileRef = C938FA421D2EC0C30081DB7D /* NSString+KSExtension.m */; };
		C938FAA41D2EC0C30081DB7D /* UIBarButtonItem+KSExtensions.m in Sources */ = {isa = PBXBuildFile; fileRef = C938FA451D2EC0C30081DB7D /* UIBarButtonItem+KSExtensions.m */; };
		C938FAA51D2EC0C30081DB7D /* UICollectionView+UICollectionView.m in Sources */ = {isa = PBXBuildFile; fileRef = C938FA481D2EC0C30081DB7D /* UICollectionView+UICollectionView.m */; };
		C938FAA61D2EC0C30081DB7D /* UINib+KSExtensions.m in Sources */ = {isa = PBXBuildFile; fileRef = C938FA4C1D2EC0C30081DB7D /* UINib+KSExtensions.m */; };
		C938FAA71D2EC0C30081DB7D /* UITableView+KSExtensions.m in Sources */ = {isa = PBXBuildFile; fileRef = C938FA4F1D2EC0C30081DB7D /* UITableView+KSExtensions.m */; };
		C938FAA81D2EC0C30081DB7D /* UIViewController+KSExtensions.m in Sources */ = {isa = PBXBuildFile; fileRef = C938FA521D2EC0C30081DB7D /* UIViewController+KSExtensions.m */; };
		C938FAA91D2EC0C30081DB7D /* UIWindow+KSExtension.m in Sources */ = {isa = PBXBuildFile; fileRef = C938FA551D2EC0C30081DB7D /* UIWindow+KSExtension.m */; };
		C938FAAA1D2EC0C30081DB7D /* KSAlphabet.m in Sources */ = {isa = PBXBuildFile; fileRef = C938FA5C1D2EC0C30081DB7D /* KSAlphabet.m */; };
		C938FAAB1D2EC0C30081DB7D /* KSAlphabetCluster.m in Sources */ = {isa = PBXBuildFile; fileRef = C938FA5F1D2EC0C30081DB7D /* KSAlphabetCluster.m */; };
		C938FAAC1D2EC0C30081DB7D /* KSAlphabetRange.m in Sources */ = {isa = PBXBuildFile; fileRef = C938FA611D2EC0C30081DB7D /* KSAlphabetRange.m */; };
		C938FAAD1D2EC0C30081DB7D /* KSAlphabetString.m in Sources */ = {isa = PBXBuildFile; fileRef = C938FA631D2EC0C30081DB7D /* KSAlphabetString.m */; };
		C938FAB11D2EC0C30081DB7D /* KSDispatch.m in Sources */ = {isa = PBXBuildFile; fileRef = C938FA6F1D2EC0C30081DB7D /* KSDispatch.m */; };
		C938FAB21D2EC0C30081DB7D /* KSModel.m in Sources */ = {isa = PBXBuildFile; fileRef = C938FA721D2EC0C30081DB7D /* KSModel.m */; };
		C938FAB31D2EC0C30081DB7D /* KSObserver.m in Sources */ = {isa = PBXBuildFile; fileRef = C938FA751D2EC0C30081DB7D /* KSObserver.m */; };
		C938FAB41D2EC0C30081DB7D /* KSObserverArray.m in Sources */ = {isa = PBXBuildFile; fileRef = C938FA791D2EC0C30081DB7D /* KSObserverArray.m */; };
		C938FAB51D2EC0C30081DB7D /* KSObserverDictionary.m in Sources */ = {isa = PBXBuildFile; fileRef = C938FA7C1D2EC0C30081DB7D /* KSObserverDictionary.m */; };
		C938FAB61D2EC0C30081DB7D /* KSObserverObject.m in Sources */ = {isa = PBXBuildFile; fileRef = C938FA7F1D2EC0C30081DB7D /* KSObserverObject.m */; };
		C938FAB71D2EC0C30081DB7D /* KSStateModel.m in Sources */ = {isa = PBXBuildFile; fileRef = C938FA821D2EC0C30081DB7D /* KSStateModel.m */; };
		C938FAB91D2EC0C30081DB7D /* KSImageModel.m in Sources */ = {isa = PBXBuildFile; fileRef = C938FA8A1D2EC0C30081DB7D /* KSImageModel.m */; };
		C938FABA1D2EC0C30081DB7D /* KSImageView.m in Sources */ = {isa = PBXBuildFile; fileRef = C938FA8C1D2EC0C30081DB7D /* KSImageView.m */; };
		C938FAC01D2EC0C30081DB7D /* KSLoadingView.m in Sources */ = {isa = PBXBuildFile; fileRef = C938FA9B1D2EC0C30081DB7D /* KSLoadingView.m */; };
		C938FAC11D2EC0C30081DB7D /* KSLoadingView.xib in Resources */ = {isa = PBXBuildFile; fileRef = C938FA9C1D2EC0C30081DB7D /* KSLoadingView.xib */; };
		C938FAC21D2EC0C30081DB7D /* KSView.m in Sources */ = {isa = PBXBuildFile; fileRef = C938FA9E1D2EC0C30081DB7D /* KSView.m */; };
		C93B0C5F1D5617B800195A95 /* UIColor+KSExtensions.m in Sources */ = {isa = PBXBuildFile; fileRef = C93B0C5E1D5617B800195A95 /* UIColor+KSExtensions.m */; };
		C9424F211D509D420077E1C0 /* KSCalendarContext.m in Sources */ = {isa = PBXBuildFile; fileRef = C9424F1F1D509D420077E1C0 /* KSCalendarContext.m */; };
		C9424F241D509D7A0077E1C0 /* KSPhotoZoneContext.m in Sources */ = {isa = PBXBuildFile; fileRef = C9424F231D509D7A0077E1C0 /* KSPhotoZoneContext.m */; };
		C9424F391D5119CB0077E1C0 /* KSPhoto+CoreDataProperties.m in Sources */ = {isa = PBXBuildFile; fileRef = C9424F311D5119CB0077E1C0 /* KSPhoto+CoreDataProperties.m */; };
		C9424F3A1D5119CB0077E1C0 /* KSPhoto.m in Sources */ = {isa = PBXBuildFile; fileRef = C9424F331D5119CB0077E1C0 /* KSPhoto.m */; };
		C9424F3B1D5119CB0077E1C0 /* KSPhotoZone+CoreDataProperties.m in Sources */ = {isa = PBXBuildFile; fileRef = C9424F361D5119CB0077E1C0 /* KSPhotoZone+CoreDataProperties.m */; };
		C9424F3C1D5119CB0077E1C0 /* KSPhotoZone.m in Sources */ = {isa = PBXBuildFile; fileRef = C9424F381D5119CB0077E1C0 /* KSPhotoZone.m */; };
		C94AEC201D30DB1600C1E4EB /* KSCalendarView.m in Sources */ = {isa = PBXBuildFile; fileRef = C94AEC1F1D30DB1600C1E4EB /* KSCalendarView.m */; };
		C94AEC241D30DF9400C1E4EB /* KSCalendarViewController.m in Sources */ = {isa = PBXBuildFile; fileRef = C94AEC221D30DF9400C1E4EB /* KSCalendarViewController.m */; };
		C94AEC251D30DF9400C1E4EB /* KSCalendarViewController.xib in Resources */ = {isa = PBXBuildFile; fileRef = C94AEC231D30DF9400C1E4EB /* KSCalendarViewController.xib */; };
		C94BC18A1D39717700C3E960 /* KSCoreDataModel.xcdatamodeld in Sources */ = {isa = PBXBuildFile; fileRef = C94BC1881D39717700C3E960 /* KSCoreDataModel.xcdatamodeld */; };
		C94BC1BD1D3976E400C3E960 /* KSCalendar+CoreDataProperties.m in Sources */ = {isa = PBXBuildFile; fileRef = C94BC1AC1D3976E400C3E960 /* KSCalendar+CoreDataProperties.m */; };
		C94BC1BE1D3976E400C3E960 /* KSCalendar.m in Sources */ = {isa = PBXBuildFile; fileRef = C94BC1AE1D3976E400C3E960 /* KSCalendar.m */; };
		C94BC1C11D3976E400C3E960 /* KSEvent+CoreDataProperties.m in Sources */ = {isa = PBXBuildFile; fileRef = C94BC1B51D3976E400C3E960 /* KSEvent+CoreDataProperties.m */; };
		C94BC1C21D3976E400C3E960 /* KSEvent.m in Sources */ = {isa = PBXBuildFile; fileRef = C94BC1B71D3976E400C3E960 /* KSEvent.m */; };
		C94BC1CB1D3978F800C3E960 /* KSManagedObject.m in Sources */ = {isa = PBXBuildFile; fileRef = C94BC1CA1D3978F800C3E960 /* KSManagedObject.m */; };
		C94D00DD1D461B6100EBA795 /* KSReserveViewController.m in Sources */ = {isa = PBXBuildFile; fileRef = C94D00DB1D461B6100EBA795 /* KSReserveViewController.m */; };
		C94D00DE1D461B6100EBA795 /* KSReserveViewController.xib in Resources */ = {isa = PBXBuildFile; fileRef = C94D00DC1D461B6100EBA795 /* KSReserveViewController.xib */; };
		C94D00E21D4693CC00EBA795 /* KSReserveView.m in Sources */ = {isa = PBXBuildFile; fileRef = C94D00E11D4693CC00EBA795 /* KSReserveView.m */; };
		C94FF4661D65EC6900D81620 /* KSContactsViewController.m in Sources */ = {isa = PBXBuildFile; fileRef = C94FF4641D65EC6900D81620 /* KSContactsViewController.m */; };
		C94FF4671D65EC6900D81620 /* KSContactsViewController.xib in Resources */ = {isa = PBXBuildFile; fileRef = C94FF4651D65EC6900D81620 /* KSContactsViewController.xib */; };
		C94FF46B1D65ECA000D81620 /* KSContactsView.m in Sources */ = {isa = PBXBuildFile; fileRef = C94FF46A1D65ECA000D81620 /* KSContactsView.m */; };
		C95A3BE51D3820A900B7A60C /* LaunchScreen.storyboard in Resources */ = {isa = PBXBuildFile; fileRef = C95A3BE11D3820A900B7A60C /* LaunchScreen.storyboard */; };
		C95A3BE61D3820A900B7A60C /* Main.storyboard in Resources */ = {isa = PBXBuildFile; fileRef = C95A3BE31D3820A900B7A60C /* Main.storyboard */; };
		C96610121D7A0DBD008875E6 /* KSCache.m in Sources */ = {isa = PBXBuildFile; fileRef = C96610111D7A0DBD008875E6 /* KSCache.m */; };
		C97199561D5E5CF000FC618D /* KSEmailModel.m in Sources */ = {isa = PBXBuildFile; fileRef = C97199551D5E5CF000FC618D /* KSEmailModel.m */; };
		C971995A1D5E5D3C00FC618D /* KSPhoneNumberModel.m in Sources */ = {isa = PBXBuildFile; fileRef = C97199591D5E5D3C00FC618D /* KSPhoneNumberModel.m */; };
		C971998D1D5F6DF800FC618D /* KSPriceView.m in Sources */ = {isa = PBXBuildFile; fileRef = C971998C1D5F6DF800FC618D /* KSPriceView.m */; };
		C97199911D5F6E1F00FC618D /* KSPriceViewController.m in Sources */ = {isa = PBXBuildFile; fileRef = C971998F1D5F6E1F00FC618D /* KSPriceViewController.m */; };
		C97199921D5F6E1F00FC618D /* KSPriceViewController.xib in Resources */ = {isa = PBXBuildFile; fileRef = C97199901D5F6E1F00FC618D /* KSPriceViewController.xib */; };
		C993495D1D4E001C008F456E /* KSPhotoZoneViewController.m in Sources */ = {isa = PBXBuildFile; fileRef = C993495B1D4E001C008F456E /* KSPhotoZoneViewController.m */; };
		C993495E1D4E001C008F456E /* KSPhotoZoneViewController.xib in Resources */ = {isa = PBXBuildFile; fileRef = C993495C1D4E001C008F456E /* KSPhotoZoneViewController.xib */; };
		C99349621D4E0049008F456E /* KSPhotoZoneView.m in Sources */ = {isa = PBXBuildFile; fileRef = C99349611D4E0049008F456E /* KSPhotoZoneView.m */; };
		C993496C1D4E1D79008F456E /* KSPhotoZoneViewCell.m in Sources */ = {isa = PBXBuildFile; fileRef = C993496A1D4E1D79008F456E /* KSPhotoZoneViewCell.m */; };
		C993496D1D4E1D79008F456E /* KSPhotoZoneViewCell.xib in Resources */ = {isa = PBXBuildFile; fileRef = C993496B1D4E1D79008F456E /* KSPhotoZoneViewCell.xib */; };
		C9F815221D53BF06007B47FB /* KSCustomViewController.m in Sources */ = {isa = PBXBuildFile; fileRef = C9F815211D53BF06007B47FB /* KSCustomViewController.m */; };
		C9F815261D53C1D6007B47FB /* KSContext.m in Sources */ = {isa = PBXBuildFile; fileRef = C9F815251D53C1D6007B47FB /* KSContext.m */; };
/* End PBXBuildFile section */

/* Begin PBXFileReference section */
		17D9BAD509108C25542D7939 /* Pods-Akvamarin.release.xcconfig */ = {isa = PBXFileReference; includeInIndex = 1; lastKnownFileType = text.xcconfig; name = "Pods-Akvamarin.release.xcconfig"; path = "Pods/Target Support Files/Pods-Akvamarin/Pods-Akvamarin.release.xcconfig"; sourceTree = "<group>"; };
		353B22CF7D74BDFE441972C5 /* libPods-Akvamarin.a */ = {isa = PBXFileReference; explicitFileType = archive.ar; includeInIndex = 0; path = "libPods-Akvamarin.a"; sourceTree = BUILT_PRODUCTS_DIR; };
		62D6F54CD53AAFC30B3CD6F0 /* Pods-Akvamarin.debug.xcconfig */ = {isa = PBXFileReference; includeInIndex = 1; lastKnownFileType = text.xcconfig; name = "Pods-Akvamarin.debug.xcconfig"; path = "Pods/Target Support Files/Pods-Akvamarin/Pods-Akvamarin.debug.xcconfig"; sourceTree = "<group>"; };
		C9017C811D44097900F9E6E1 /* NSDateComponents+KSExtensions.h */ = {isa = PBXFileReference; fileEncoding = 4; lastKnownFileType = sourcecode.c.h; path = "NSDateComponents+KSExtensions.h"; sourceTree = "<group>"; };
		C9017C821D44097900F9E6E1 /* NSDateComponents+KSExtensions.m */ = {isa = PBXFileReference; fileEncoding = 4; lastKnownFileType = sourcecode.c.objc; path = "NSDateComponents+KSExtensions.m"; sourceTree = "<group>"; };
		C90652B81D454E6C00B15156 /* NSDate+KSExtensions.h */ = {isa = PBXFileReference; fileEncoding = 4; lastKnownFileType = sourcecode.c.h; path = "NSDate+KSExtensions.h"; sourceTree = "<group>"; };
		C90652B91D454E6C00B15156 /* NSDate+KSExtensions.m */ = {isa = PBXFileReference; fileEncoding = 4; lastKnownFileType = sourcecode.c.objc; path = "NSDate+KSExtensions.m"; sourceTree = "<group>"; };
		C90F74801D3B7B3700F66F10 /* KSStartViewController.h */ = {isa = PBXFileReference; fileEncoding = 4; lastKnownFileType = sourcecode.c.h; path = KSStartViewController.h; sourceTree = "<group>"; };
		C90F74811D3B7B3700F66F10 /* KSStartViewController.m */ = {isa = PBXFileReference; fileEncoding = 4; lastKnownFileType = sourcecode.c.objc; path = KSStartViewController.m; sourceTree = "<group>"; };
		C90F74821D3B7B3700F66F10 /* KSStartViewController.xib */ = {isa = PBXFileReference; fileEncoding = 4; lastKnownFileType = file.xib; path = KSStartViewController.xib; sourceTree = "<group>"; };
		C90F74851D3B7B6700F66F10 /* KSStartView.h */ = {isa = PBXFileReference; fileEncoding = 4; lastKnownFileType = sourcecode.c.h; path = KSStartView.h; sourceTree = "<group>"; };
		C90F74861D3B7B6700F66F10 /* KSStartView.m */ = {isa = PBXFileReference; fileEncoding = 4; lastKnownFileType = sourcecode.c.objc; path = KSStartView.m; sourceTree = "<group>"; };
		C933E3BD1D62E920007AFCAB /* KSReserveContext.h */ = {isa = PBXFileReference; fileEncoding = 4; lastKnownFileType = sourcecode.c.h; path = KSReserveContext.h; sourceTree = "<group>"; };
		C933E3BE1D62E920007AFCAB /* KSReserveContext.m */ = {isa = PBXFileReference; fileEncoding = 4; lastKnownFileType = sourcecode.c.objc; path = KSReserveContext.m; sourceTree = "<group>"; };
		C933E3C51D6347A3007AFCAB /* NSDateFormatter+KSExtensions.h */ = {isa = PBXFileReference; fileEncoding = 4; lastKnownFileType = sourcecode.c.h; path = "NSDateFormatter+KSExtensions.h"; sourceTree = "<group>"; };
		C933E3C61D6347A3007AFCAB /* NSDateFormatter+KSExtensions.m */ = {isa = PBXFileReference; fileEncoding = 4; lastKnownFileType = sourcecode.c.objc; path = "NSDateFormatter+KSExtensions.m"; sourceTree = "<group>"; };
		C933E3C81D634FE6007AFCAB /* KSAlertViewConstants.h */ = {isa = PBXFileReference; lastKnownFileType = sourcecode.c.h; path = KSAlertViewConstants.h; sourceTree = "<group>"; };
		C938F96E1D2E877C0081DB7D /* Akvamarin.app */ = {isa = PBXFileReference; explicitFileType = wrapper.application; includeInIndex = 0; path = Akvamarin.app; sourceTree = BUILT_PRODUCTS_DIR; };
		C938F98C1D2E88DA0081DB7D /* Assets.xcassets */ = {isa = PBXFileReference; lastKnownFileType = folder.assetcatalog; path = Assets.xcassets; sourceTree = "<group>"; };
		C938F9911D2E88DA0081DB7D /* Info.plist */ = {isa = PBXFileReference; fileEncoding = 4; lastKnownFileType = text.plist.xml; path = Info.plist; sourceTree = "<group>"; };
		C938F9921D2E88DA0081DB7D /* main.m */ = {isa = PBXFileReference; fileEncoding = 4; lastKnownFileType = sourcecode.c.objc; path = main.m; sourceTree = "<group>"; };
		C938F99B1D2E8A7B0081DB7D /* AppDelegate.h */ = {isa = PBXFileReference; fileEncoding = 4; lastKnownFileType = sourcecode.c.h; path = AppDelegate.h; sourceTree = "<group>"; };
		C938F99C1D2E8A7B0081DB7D /* AppDelegate.m */ = {isa = PBXFileReference; fileEncoding = 4; lastKnownFileType = sourcecode.c.objc; path = AppDelegate.m; sourceTree = "<group>"; };
		C938FA351D2EC0C30081DB7D /* CGGeometry+KSExtensions.h */ = {isa = PBXFileReference; fileEncoding = 4; lastKnownFileType = sourcecode.c.h; path = "CGGeometry+KSExtensions.h"; sourceTree = "<group>"; };
		C938FA361D2EC0C30081DB7D /* CGGeometry+KSExtensions.m */ = {isa = PBXFileReference; fileEncoding = 4; lastKnownFileType = sourcecode.c.objc; path = "CGGeometry+KSExtensions.m"; sourceTree = "<group>"; };
		C938FA381D2EC0C30081DB7D /* NSBundle+KSExtensions.h */ = {isa = PBXFileReference; fileEncoding = 4; lastKnownFileType = sourcecode.c.h; path = "NSBundle+KSExtensions.h"; sourceTree = "<group>"; };
		C938FA391D2EC0C30081DB7D /* NSBundle+KSExtensions.m */ = {isa = PBXFileReference; fileEncoding = 4; lastKnownFileType = sourcecode.c.objc; path = "NSBundle+KSExtensions.m"; sourceTree = "<group>"; };
		C938FA3B1D2EC0C30081DB7D /* NSFileManager+KSExtensions.h */ = {isa = PBXFileReference; fileEncoding = 4; lastKnownFileType = sourcecode.c.h; path = "NSFileManager+KSExtensions.h"; sourceTree = "<group>"; };
		C938FA3C1D2EC0C30081DB7D /* NSFileManager+KSExtensions.m */ = {isa = PBXFileReference; fileEncoding = 4; lastKnownFileType = sourcecode.c.objc; path = "NSFileManager+KSExtensions.m"; sourceTree = "<group>"; };
		C938FA3E1D2EC0C30081DB7D /* NSObject+KSExtension.h */ = {isa = PBXFileReference; fileEncoding = 4; lastKnownFileType = sourcecode.c.h; path = "NSObject+KSExtension.h"; sourceTree = "<group>"; };
		C938FA3F1D2EC0C30081DB7D /* NSObject+KSExtension.m */ = {isa = PBXFileReference; fileEncoding = 4; lastKnownFileType = sourcecode.c.objc; path = "NSObject+KSExtension.m"; sourceTree = "<group>"; };
		C938FA411D2EC0C30081DB7D /* NSString+KSExtension.h */ = {isa = PBXFileReference; fileEncoding = 4; lastKnownFileType = sourcecode.c.h; path = "NSString+KSExtension.h"; sourceTree = "<group>"; };
		C938FA421D2EC0C30081DB7D /* NSString+KSExtension.m */ = {isa = PBXFileReference; fileEncoding = 4; lastKnownFileType = sourcecode.c.objc; path = "NSString+KSExtension.m"; sourceTree = "<group>"; };
		C938FA441D2EC0C30081DB7D /* UIBarButtonItem+KSExtensions.h */ = {isa = PBXFileReference; fileEncoding = 4; lastKnownFileType = sourcecode.c.h; path = "UIBarButtonItem+KSExtensions.h"; sourceTree = "<group>"; };
		C938FA451D2EC0C30081DB7D /* UIBarButtonItem+KSExtensions.m */ = {isa = PBXFileReference; fileEncoding = 4; lastKnownFileType = sourcecode.c.objc; path = "UIBarButtonItem+KSExtensions.m"; sourceTree = "<group>"; };
		C938FA471D2EC0C30081DB7D /* UICollectionView+UICollectionView.h */ = {isa = PBXFileReference; fileEncoding = 4; lastKnownFileType = sourcecode.c.h; path = "UICollectionView+UICollectionView.h"; sourceTree = "<group>"; };
		C938FA481D2EC0C30081DB7D /* UICollectionView+UICollectionView.m */ = {isa = PBXFileReference; fileEncoding = 4; lastKnownFileType = sourcecode.c.objc; path = "UICollectionView+UICollectionView.m"; sourceTree = "<group>"; };
		C938FA491D2EC0C30081DB7D /* UICollectionView_UICollectionView.h */ = {isa = PBXFileReference; fileEncoding = 4; lastKnownFileType = sourcecode.c.h; path = UICollectionView_UICollectionView.h; sourceTree = "<group>"; };
		C938FA4B1D2EC0C30081DB7D /* UINib+KSExtensions.h */ = {isa = PBXFileReference; fileEncoding = 4; lastKnownFileType = sourcecode.c.h; path = "UINib+KSExtensions.h"; sourceTree = "<group>"; };
		C938FA4C1D2EC0C30081DB7D /* UINib+KSExtensions.m */ = {isa = PBXFileReference; fileEncoding = 4; lastKnownFileType = sourcecode.c.objc; path = "UINib+KSExtensions.m"; sourceTree = "<group>"; };
		C938FA4E1D2EC0C30081DB7D /* UITableView+KSExtensions.h */ = {isa = PBXFileReference; fileEncoding = 4; lastKnownFileType = sourcecode.c.h; path = "UITableView+KSExtensions.h"; sourceTree = "<group>"; };
		C938FA4F1D2EC0C30081DB7D /* UITableView+KSExtensions.m */ = {isa = PBXFileReference; fileEncoding = 4; lastKnownFileType = sourcecode.c.objc; path = "UITableView+KSExtensions.m"; sourceTree = "<group>"; };
		C938FA511D2EC0C30081DB7D /* UIViewController+KSExtensions.h */ = {isa = PBXFileReference; fileEncoding = 4; lastKnownFileType = sourcecode.c.h; path = "UIViewController+KSExtensions.h"; sourceTree = "<group>"; };
		C938FA521D2EC0C30081DB7D /* UIViewController+KSExtensions.m */ = {isa = PBXFileReference; fileEncoding = 4; lastKnownFileType = sourcecode.c.objc; path = "UIViewController+KSExtensions.m"; sourceTree = "<group>"; };
		C938FA541D2EC0C30081DB7D /* UIWindow+KSExtension.h */ = {isa = PBXFileReference; fileEncoding = 4; lastKnownFileType = sourcecode.c.h; path = "UIWindow+KSExtension.h"; sourceTree = "<group>"; };
		C938FA551D2EC0C30081DB7D /* UIWindow+KSExtension.m */ = {isa = PBXFileReference; fileEncoding = 4; lastKnownFileType = sourcecode.c.objc; path = "UIWindow+KSExtension.m"; sourceTree = "<group>"; };
		C938FA561D2EC0C30081DB7D /* KSExtentionsLibraryImporting.h */ = {isa = PBXFileReference; fileEncoding = 4; lastKnownFileType = sourcecode.c.h; path = KSExtentionsLibraryImporting.h; sourceTree = "<group>"; };
		C938FA581D2EC0C30081DB7D /* KSMacro.h */ = {isa = PBXFileReference; fileEncoding = 4; lastKnownFileType = sourcecode.c.h; path = KSMacro.h; sourceTree = "<group>"; };
		C938FA5B1D2EC0C30081DB7D /* KSAlphabet.h */ = {isa = PBXFileReference; fileEncoding = 4; lastKnownFileType = sourcecode.c.h; path = KSAlphabet.h; sourceTree = "<group>"; };
		C938FA5C1D2EC0C30081DB7D /* KSAlphabet.m */ = {isa = PBXFileReference; fileEncoding = 4; lastKnownFileType = sourcecode.c.objc; path = KSAlphabet.m; sourceTree = "<group>"; };
		C938FA5E1D2EC0C30081DB7D /* KSAlphabetCluster.h */ = {isa = PBXFileReference; fileEncoding = 4; lastKnownFileType = sourcecode.c.h; path = KSAlphabetCluster.h; sourceTree = "<group>"; };
		C938FA5F1D2EC0C30081DB7D /* KSAlphabetCluster.m */ = {isa = PBXFileReference; fileEncoding = 4; lastKnownFileType = sourcecode.c.objc; path = KSAlphabetCluster.m; sourceTree = "<group>"; };
		C938FA601D2EC0C30081DB7D /* KSAlphabetRange.h */ = {isa = PBXFileReference; fileEncoding = 4; lastKnownFileType = sourcecode.c.h; path = KSAlphabetRange.h; sourceTree = "<group>"; };
		C938FA611D2EC0C30081DB7D /* KSAlphabetRange.m */ = {isa = PBXFileReference; fileEncoding = 4; lastKnownFileType = sourcecode.c.objc; path = KSAlphabetRange.m; sourceTree = "<group>"; };
		C938FA621D2EC0C30081DB7D /* KSAlphabetString.h */ = {isa = PBXFileReference; fileEncoding = 4; lastKnownFileType = sourcecode.c.h; path = KSAlphabetString.h; sourceTree = "<group>"; };
		C938FA631D2EC0C30081DB7D /* KSAlphabetString.m */ = {isa = PBXFileReference; fileEncoding = 4; lastKnownFileType = sourcecode.c.objc; path = KSAlphabetString.m; sourceTree = "<group>"; };
		C938FA6E1D2EC0C30081DB7D /* KSDispatch.h */ = {isa = PBXFileReference; fileEncoding = 4; lastKnownFileType = sourcecode.c.h; path = KSDispatch.h; sourceTree = "<group>"; };
		C938FA6F1D2EC0C30081DB7D /* KSDispatch.m */ = {isa = PBXFileReference; fileEncoding = 4; lastKnownFileType = sourcecode.c.objc; path = KSDispatch.m; sourceTree = "<group>"; };
		C938FA711D2EC0C30081DB7D /* KSModel.h */ = {isa = PBXFileReference; fileEncoding = 4; lastKnownFileType = sourcecode.c.h; path = KSModel.h; sourceTree = "<group>"; };
		C938FA721D2EC0C30081DB7D /* KSModel.m */ = {isa = PBXFileReference; fileEncoding = 4; lastKnownFileType = sourcecode.c.objc; path = KSModel.m; sourceTree = "<group>"; };
		C938FA741D2EC0C30081DB7D /* KSObserver.h */ = {isa = PBXFileReference; fileEncoding = 4; lastKnownFileType = sourcecode.c.h; path = KSObserver.h; sourceTree = "<group>"; };
		C938FA751D2EC0C30081DB7D /* KSObserver.m */ = {isa = PBXFileReference; fileEncoding = 4; lastKnownFileType = sourcecode.c.objc; path = KSObserver.m; sourceTree = "<group>"; };
		C938FA781D2EC0C30081DB7D /* KSObserverArray.h */ = {isa = PBXFileReference; fileEncoding = 4; lastKnownFileType = sourcecode.c.h; path = KSObserverArray.h; sourceTree = "<group>"; };
		C938FA791D2EC0C30081DB7D /* KSObserverArray.m */ = {isa = PBXFileReference; fileEncoding = 4; lastKnownFileType = sourcecode.c.objc; path = KSObserverArray.m; sourceTree = "<group>"; };
		C938FA7B1D2EC0C30081DB7D /* KSObserverDictionary.h */ = {isa = PBXFileReference; fileEncoding = 4; lastKnownFileType = sourcecode.c.h; path = KSObserverDictionary.h; sourceTree = "<group>"; };
		C938FA7C1D2EC0C30081DB7D /* KSObserverDictionary.m */ = {isa = PBXFileReference; fileEncoding = 4; lastKnownFileType = sourcecode.c.objc; path = KSObserverDictionary.m; sourceTree = "<group>"; };
		C938FA7E1D2EC0C30081DB7D /* KSObserverObject.h */ = {isa = PBXFileReference; fileEncoding = 4; lastKnownFileType = sourcecode.c.h; path = KSObserverObject.h; sourceTree = "<group>"; };
		C938FA7F1D2EC0C30081DB7D /* KSObserverObject.m */ = {isa = PBXFileReference; fileEncoding = 4; lastKnownFileType = sourcecode.c.objc; path = KSObserverObject.m; sourceTree = "<group>"; };
		C938FA811D2EC0C30081DB7D /* KSStateModel.h */ = {isa = PBXFileReference; fileEncoding = 4; lastKnownFileType = sourcecode.c.h; path = KSStateModel.h; sourceTree = "<group>"; };
		C938FA821D2EC0C30081DB7D /* KSStateModel.m */ = {isa = PBXFileReference; fileEncoding = 4; lastKnownFileType = sourcecode.c.objc; path = KSStateModel.m; sourceTree = "<group>"; };
		C938FA891D2EC0C30081DB7D /* KSImageModel.h */ = {isa = PBXFileReference; fileEncoding = 4; lastKnownFileType = sourcecode.c.h; path = KSImageModel.h; sourceTree = "<group>"; };
		C938FA8A1D2EC0C30081DB7D /* KSImageModel.m */ = {isa = PBXFileReference; fileEncoding = 4; lastKnownFileType = sourcecode.c.objc; path = KSImageModel.m; sourceTree = "<group>"; };
		C938FA8B1D2EC0C30081DB7D /* KSImageView.h */ = {isa = PBXFileReference; fileEncoding = 4; lastKnownFileType = sourcecode.c.h; path = KSImageView.h; sourceTree = "<group>"; };
		C938FA8C1D2EC0C30081DB7D /* KSImageView.m */ = {isa = PBXFileReference; fileEncoding = 4; lastKnownFileType = sourcecode.c.objc; path = KSImageView.m; sourceTree = "<group>"; };
		C938FA9A1D2EC0C30081DB7D /* KSLoadingView.h */ = {isa = PBXFileReference; fileEncoding = 4; lastKnownFileType = sourcecode.c.h; path = KSLoadingView.h; sourceTree = "<group>"; };
		C938FA9B1D2EC0C30081DB7D /* KSLoadingView.m */ = {isa = PBXFileReference; fileEncoding = 4; lastKnownFileType = sourcecode.c.objc; path = KSLoadingView.m; sourceTree = "<group>"; };
		C938FA9C1D2EC0C30081DB7D /* KSLoadingView.xib */ = {isa = PBXFileReference; fileEncoding = 4; lastKnownFileType = file.xib; path = KSLoadingView.xib; sourceTree = "<group>"; };
		C938FA9D1D2EC0C30081DB7D /* KSView.h */ = {isa = PBXFileReference; fileEncoding = 4; lastKnownFileType = sourcecode.c.h; path = KSView.h; sourceTree = "<group>"; };
		C938FA9E1D2EC0C30081DB7D /* KSView.m */ = {isa = PBXFileReference; fileEncoding = 4; lastKnownFileType = sourcecode.c.objc; path = KSView.m; sourceTree = "<group>"; };
		C938FAC41D2EC12A0081DB7D /* KSProject-Prefix.pch */ = {isa = PBXFileReference; fileEncoding = 4; lastKnownFileType = sourcecode.c.h; path = "KSProject-Prefix.pch"; sourceTree = "<group>"; };
		C93B0C5D1D5617B800195A95 /* UIColor+KSExtensions.h */ = {isa = PBXFileReference; fileEncoding = 4; lastKnownFileType = sourcecode.c.h; path = "UIColor+KSExtensions.h"; sourceTree = "<group>"; };
		C93B0C5E1D5617B800195A95 /* UIColor+KSExtensions.m */ = {isa = PBXFileReference; fileEncoding = 4; lastKnownFileType = sourcecode.c.objc; path = "UIColor+KSExtensions.m"; sourceTree = "<group>"; };
		C9424F1E1D509D420077E1C0 /* KSCalendarContext.h */ = {isa = PBXFileReference; fileEncoding = 4; lastKnownFileType = sourcecode.c.h; path = KSCalendarContext.h; sourceTree = "<group>"; };
		C9424F1F1D509D420077E1C0 /* KSCalendarContext.m */ = {isa = PBXFileReference; fileEncoding = 4; lastKnownFileType = sourcecode.c.objc; path = KSCalendarContext.m; sourceTree = "<group>"; };
		C9424F221D509D7A0077E1C0 /* KSPhotoZoneContext.h */ = {isa = PBXFileReference; fileEncoding = 4; lastKnownFileType = sourcecode.c.h; path = KSPhotoZoneContext.h; sourceTree = "<group>"; };
		C9424F231D509D7A0077E1C0 /* KSPhotoZoneContext.m */ = {isa = PBXFileReference; fileEncoding = 4; lastKnownFileType = sourcecode.c.objc; path = KSPhotoZoneContext.m; sourceTree = "<group>"; };
		C9424F251D50E5DF0077E1C0 /* KSRequestConstants.h */ = {isa = PBXFileReference; lastKnownFileType = sourcecode.c.h; path = KSRequestConstants.h; sourceTree = "<group>"; };
		C9424F301D5119CB0077E1C0 /* KSPhoto+CoreDataProperties.h */ = {isa = PBXFileReference; fileEncoding = 4; lastKnownFileType = sourcecode.c.h; path = "KSPhoto+CoreDataProperties.h"; sourceTree = "<group>"; };
		C9424F311D5119CB0077E1C0 /* KSPhoto+CoreDataProperties.m */ = {isa = PBXFileReference; fileEncoding = 4; lastKnownFileType = sourcecode.c.objc; path = "KSPhoto+CoreDataProperties.m"; sourceTree = "<group>"; };
		C9424F321D5119CB0077E1C0 /* KSPhoto.h */ = {isa = PBXFileReference; fileEncoding = 4; lastKnownFileType = sourcecode.c.h; path = KSPhoto.h; sourceTree = "<group>"; };
		C9424F331D5119CB0077E1C0 /* KSPhoto.m */ = {isa = PBXFileReference; fileEncoding = 4; lastKnownFileType = sourcecode.c.objc; path = KSPhoto.m; sourceTree = "<group>"; };
		C9424F351D5119CB0077E1C0 /* KSPhotoZone+CoreDataProperties.h */ = {isa = PBXFileReference; fileEncoding = 4; lastKnownFileType = sourcecode.c.h; path = "KSPhotoZone+CoreDataProperties.h"; sourceTree = "<group>"; };
		C9424F361D5119CB0077E1C0 /* KSPhotoZone+CoreDataProperties.m */ = {isa = PBXFileReference; fileEncoding = 4; lastKnownFileType = sourcecode.c.objc; path = "KSPhotoZone+CoreDataProperties.m"; sourceTree = "<group>"; };
		C9424F371D5119CB0077E1C0 /* KSPhotoZone.h */ = {isa = PBXFileReference; fileEncoding = 4; lastKnownFileType = sourcecode.c.h; path = KSPhotoZone.h; sourceTree = "<group>"; };
		C9424F381D5119CB0077E1C0 /* KSPhotoZone.m */ = {isa = PBXFileReference; fileEncoding = 4; lastKnownFileType = sourcecode.c.objc; path = KSPhotoZone.m; sourceTree = "<group>"; };
		C9424F3D1D5130AC0077E1C0 /* KSPhotoZoneConstants.h */ = {isa = PBXFileReference; lastKnownFileType = sourcecode.c.h; path = KSPhotoZoneConstants.h; sourceTree = "<group>"; };
		C94AEC1E1D30DB1600C1E4EB /* KSCalendarView.h */ = {isa = PBXFileReference; fileEncoding = 4; lastKnownFileType = sourcecode.c.h; path = KSCalendarView.h; sourceTree = "<group>"; };
		C94AEC1F1D30DB1600C1E4EB /* KSCalendarView.m */ = {isa = PBXFileReference; fileEncoding = 4; lastKnownFileType = sourcecode.c.objc; path = KSCalendarView.m; sourceTree = "<group>"; };
		C94AEC211D30DF9400C1E4EB /* KSCalendarViewController.h */ = {isa = PBXFileReference; fileEncoding = 4; lastKnownFileType = sourcecode.c.h; path = KSCalendarViewController.h; sourceTree = "<group>"; };
		C94AEC221D30DF9400C1E4EB /* KSCalendarViewController.m */ = {isa = PBXFileReference; fileEncoding = 4; lastKnownFileType = sourcecode.c.objc; path = KSCalendarViewController.m; sourceTree = "<group>"; };
		C94AEC231D30DF9400C1E4EB /* KSCalendarViewController.xib */ = {isa = PBXFileReference; fileEncoding = 4; lastKnownFileType = file.xib; path = KSCalendarViewController.xib; sourceTree = "<group>"; };
		C94BC1891D39717700C3E960 /* KSCoreDataModel.xcdatamodel */ = {isa = PBXFileReference; lastKnownFileType = wrapper.xcdatamodel; path = KSCoreDataModel.xcdatamodel; sourceTree = "<group>"; };
		C94BC1AB1D3976E400C3E960 /* KSCalendar+CoreDataProperties.h */ = {isa = PBXFileReference; fileEncoding = 4; lastKnownFileType = sourcecode.c.h; path = "KSCalendar+CoreDataProperties.h"; sourceTree = "<group>"; };
		C94BC1AC1D3976E400C3E960 /* KSCalendar+CoreDataProperties.m */ = {isa = PBXFileReference; fileEncoding = 4; lastKnownFileType = sourcecode.c.objc; path = "KSCalendar+CoreDataProperties.m"; sourceTree = "<group>"; };
		C94BC1AD1D3976E400C3E960 /* KSCalendar.h */ = {isa = PBXFileReference; fileEncoding = 4; lastKnownFileType = sourcecode.c.h; path = KSCalendar.h; sourceTree = "<group>"; };
		C94BC1AE1D3976E400C3E960 /* KSCalendar.m */ = {isa = PBXFileReference; fileEncoding = 4; lastKnownFileType = sourcecode.c.objc; path = KSCalendar.m; sourceTree = "<group>"; };
		C94BC1B41D3976E400C3E960 /* KSEvent+CoreDataProperties.h */ = {isa = PBXFileReference; fileEncoding = 4; lastKnownFileType = sourcecode.c.h; path = "KSEvent+CoreDataProperties.h"; sourceTree = "<group>"; };
		C94BC1B51D3976E400C3E960 /* KSEvent+CoreDataProperties.m */ = {isa = PBXFileReference; fileEncoding = 4; lastKnownFileType = sourcecode.c.objc; path = "KSEvent+CoreDataProperties.m"; sourceTree = "<group>"; };
		C94BC1B61D3976E400C3E960 /* KSEvent.h */ = {isa = PBXFileReference; fileEncoding = 4; lastKnownFileType = sourcecode.c.h; path = KSEvent.h; sourceTree = "<group>"; };
		C94BC1B71D3976E400C3E960 /* KSEvent.m */ = {isa = PBXFileReference; fileEncoding = 4; lastKnownFileType = sourcecode.c.objc; path = KSEvent.m; sourceTree = "<group>"; };
		C94BC1C61D3977BE00C3E960 /* KSCalendarConstants.h */ = {isa = PBXFileReference; lastKnownFileType = sourcecode.c.h; path = KSCalendarConstants.h; sourceTree = "<group>"; };
		C94BC1C71D3977D400C3E960 /* KSCoreDataConstants.h */ = {isa = PBXFileReference; lastKnownFileType = sourcecode.c.h; path = KSCoreDataConstants.h; sourceTree = "<group>"; };
		C94BC1C91D3978F800C3E960 /* KSManagedObject.h */ = {isa = PBXFileReference; fileEncoding = 4; lastKnownFileType = sourcecode.c.h; path = KSManagedObject.h; sourceTree = "<group>"; };
		C94BC1CA1D3978F800C3E960 /* KSManagedObject.m */ = {isa = PBXFileReference; fileEncoding = 4; lastKnownFileType = sourcecode.c.objc; path = KSManagedObject.m; sourceTree = "<group>"; };
		C94D00DA1D461B6100EBA795 /* KSReserveViewController.h */ = {isa = PBXFileReference; fileEncoding = 4; lastKnownFileType = sourcecode.c.h; path = KSReserveViewController.h; sourceTree = "<group>"; };
		C94D00DB1D461B6100EBA795 /* KSReserveViewController.m */ = {isa = PBXFileReference; fileEncoding = 4; lastKnownFileType = sourcecode.c.objc; path = KSReserveViewController.m; sourceTree = "<group>"; };
		C94D00DC1D461B6100EBA795 /* KSReserveViewController.xib */ = {isa = PBXFileReference; fileEncoding = 4; lastKnownFileType = file.xib; path = KSReserveViewController.xib; sourceTree = "<group>"; };
		C94D00E01D4693CC00EBA795 /* KSReserveView.h */ = {isa = PBXFileReference; fileEncoding = 4; lastKnownFileType = sourcecode.c.h; path = KSReserveView.h; sourceTree = "<group>"; };
		C94D00E11D4693CC00EBA795 /* KSReserveView.m */ = {isa = PBXFileReference; fileEncoding = 4; lastKnownFileType = sourcecode.c.objc; path = KSReserveView.m; sourceTree = "<group>"; };
		C94FF4631D65EC6900D81620 /* KSContactsViewController.h */ = {isa = PBXFileReference; fileEncoding = 4; lastKnownFileType = sourcecode.c.h; path = KSContactsViewController.h; sourceTree = "<group>"; };
		C94FF4641D65EC6900D81620 /* KSContactsViewController.m */ = {isa = PBXFileReference; fileEncoding = 4; lastKnownFileType = sourcecode.c.objc; path = KSContactsViewController.m; sourceTree = "<group>"; };
		C94FF4651D65EC6900D81620 /* KSContactsViewController.xib */ = {isa = PBXFileReference; fileEncoding = 4; lastKnownFileType = file.xib; path = KSContactsViewController.xib; sourceTree = "<group>"; };
		C94FF4691D65ECA000D81620 /* KSContactsView.h */ = {isa = PBXFileReference; fileEncoding = 4; lastKnownFileType = sourcecode.c.h; path = KSContactsView.h; sourceTree = "<group>"; };
		C94FF46A1D65ECA000D81620 /* KSContactsView.m */ = {isa = PBXFileReference; fileEncoding = 4; lastKnownFileType = sourcecode.c.objc; path = KSContactsView.m; sourceTree = "<group>"; };
		C95A3BE21D3820A900B7A60C /* Base */ = {isa = PBXFileReference; lastKnownFileType = file.storyboard; name = Base; path = LaunchScreen.storyboard; sourceTree = "<group>"; };
		C95A3BE41D3820A900B7A60C /* Base */ = {isa = PBXFileReference; lastKnownFileType = file.storyboard; name = Base; path = Main.storyboard; sourceTree = "<group>"; };
		C96610101D7A0DBD008875E6 /* KSCache.h */ = {isa = PBXFileReference; fileEncoding = 4; lastKnownFileType = sourcecode.c.h; path = KSCache.h; sourceTree = "<group>"; };
		C96610111D7A0DBD008875E6 /* KSCache.m */ = {isa = PBXFileReference; fileEncoding = 4; lastKnownFileType = sourcecode.c.objc; path = KSCache.m; sourceTree = "<group>"; };
		C97199541D5E5CF000FC618D /* KSEmailModel.h */ = {isa = PBXFileReference; fileEncoding = 4; lastKnownFileType = sourcecode.c.h; path = KSEmailModel.h; sourceTree = "<group>"; };
		C97199551D5E5CF000FC618D /* KSEmailModel.m */ = {isa = PBXFileReference; fileEncoding = 4; lastKnownFileType = sourcecode.c.objc; path = KSEmailModel.m; sourceTree = "<group>"; };
		C97199581D5E5D3C00FC618D /* KSPhoneNumberModel.h */ = {isa = PBXFileReference; fileEncoding = 4; lastKnownFileType = sourcecode.c.h; path = KSPhoneNumberModel.h; sourceTree = "<group>"; };
		C97199591D5E5D3C00FC618D /* KSPhoneNumberModel.m */ = {isa = PBXFileReference; fileEncoding = 4; lastKnownFileType = sourcecode.c.objc; path = KSPhoneNumberModel.m; sourceTree = "<group>"; };
		C971998B1D5F6DF800FC618D /* KSPriceView.h */ = {isa = PBXFileReference; fileEncoding = 4; lastKnownFileType = sourcecode.c.h; path = KSPriceView.h; sourceTree = "<group>"; };
		C971998C1D5F6DF800FC618D /* KSPriceView.m */ = {isa = PBXFileReference; fileEncoding = 4; lastKnownFileType = sourcecode.c.objc; path = KSPriceView.m; sourceTree = "<group>"; };
		C971998E1D5F6E1F00FC618D /* KSPriceViewController.h */ = {isa = PBXFileReference; fileEncoding = 4; lastKnownFileType = sourcecode.c.h; path = KSPriceViewController.h; sourceTree = "<group>"; };
		C971998F1D5F6E1F00FC618D /* KSPriceViewController.m */ = {isa = PBXFileReference; fileEncoding = 4; lastKnownFileType = sourcecode.c.objc; path = KSPriceViewController.m; sourceTree = "<group>"; };
		C97199901D5F6E1F00FC618D /* KSPriceViewController.xib */ = {isa = PBXFileReference; fileEncoding = 4; lastKnownFileType = file.xib; path = KSPriceViewController.xib; sourceTree = "<group>"; };
		C993495A1D4E001C008F456E /* KSPhotoZoneViewController.h */ = {isa = PBXFileReference; fileEncoding = 4; lastKnownFileType = sourcecode.c.h; path = KSPhotoZoneViewController.h; sourceTree = "<group>"; };
		C993495B1D4E001C008F456E /* KSPhotoZoneViewController.m */ = {isa = PBXFileReference; fileEncoding = 4; lastKnownFileType = sourcecode.c.objc; path = KSPhotoZoneViewController.m; sourceTree = "<group>"; };
		C993495C1D4E001C008F456E /* KSPhotoZoneViewController.xib */ = {isa = PBXFileReference; fileEncoding = 4; lastKnownFileType = file.xib; path = KSPhotoZoneViewController.xib; sourceTree = "<group>"; };
		C99349601D4E0049008F456E /* KSPhotoZoneView.h */ = {isa = PBXFileReference; fileEncoding = 4; lastKnownFileType = sourcecode.c.h; path = KSPhotoZoneView.h; sourceTree = "<group>"; };
		C99349611D4E0049008F456E /* KSPhotoZoneView.m */ = {isa = PBXFileReference; fileEncoding = 4; lastKnownFileType = sourcecode.c.objc; path = KSPhotoZoneView.m; sourceTree = "<group>"; };
		C99349691D4E1D79008F456E /* KSPhotoZoneViewCell.h */ = {isa = PBXFileReference; fileEncoding = 4; lastKnownFileType = sourcecode.c.h; path = KSPhotoZoneViewCell.h; sourceTree = "<group>"; };
		C993496A1D4E1D79008F456E /* KSPhotoZoneViewCell.m */ = {isa = PBXFileReference; fileEncoding = 4; lastKnownFileType = sourcecode.c.objc; path = KSPhotoZoneViewCell.m; sourceTree = "<group>"; };
		C993496B1D4E1D79008F456E /* KSPhotoZoneViewCell.xib */ = {isa = PBXFileReference; fileEncoding = 4; lastKnownFileType = file.xib; path = KSPhotoZoneViewCell.xib; sourceTree = "<group>"; };
		C9F815201D53BF06007B47FB /* KSCustomViewController.h */ = {isa = PBXFileReference; fileEncoding = 4; lastKnownFileType = sourcecode.c.h; path = KSCustomViewController.h; sourceTree = "<group>"; };
		C9F815211D53BF06007B47FB /* KSCustomViewController.m */ = {isa = PBXFileReference; fileEncoding = 4; lastKnownFileType = sourcecode.c.objc; path = KSCustomViewController.m; sourceTree = "<group>"; };
		C9F815241D53C1D6007B47FB /* KSContext.h */ = {isa = PBXFileReference; fileEncoding = 4; lastKnownFileType = sourcecode.c.h; path = KSContext.h; sourceTree = "<group>"; };
		C9F815251D53C1D6007B47FB /* KSContext.m */ = {isa = PBXFileReference; fileEncoding = 4; lastKnownFileType = sourcecode.c.objc; path = KSContext.m; sourceTree = "<group>"; };
/* End PBXFileReference section */

/* Begin PBXFrameworksBuildPhase section */
		C938F96B1D2E877C0081DB7D /* Frameworks */ = {
			isa = PBXFrameworksBuildPhase;
			buildActionMask = 2147483647;
			files = (
				5CEE8F76BF24B38B46825321 /* libPods-Akvamarin.a in Frameworks */,
			);
			runOnlyForDeploymentPostprocessing = 0;
		};
/* End PBXFrameworksBuildPhase section */

/* Begin PBXGroup section */
		2F2B7EBFF154D1E7D9EDE57E /* Frameworks */ = {
			isa = PBXGroup;
			children = (
				353B22CF7D74BDFE441972C5 /* libPods-Akvamarin.a */,
			);
			name = Frameworks;
			sourceTree = "<group>";
		};
		51BBF3FA92DDA71CD625BB75 /* Pods */ = {
			isa = PBXGroup;
			children = (
				62D6F54CD53AAFC30B3CD6F0 /* Pods-Akvamarin.debug.xcconfig */,
				17D9BAD509108C25542D7939 /* Pods-Akvamarin.release.xcconfig */,
			);
			name = Pods;
			sourceTree = "<group>";
		};
		C9017C801D44097900F9E6E1 /* NSDateComponents+KSExtensions */ = {
			isa = PBXGroup;
			children = (
				C9017C811D44097900F9E6E1 /* NSDateComponents+KSExtensions.h */,
				C9017C821D44097900F9E6E1 /* NSDateComponents+KSExtensions.m */,
			);
			path = "NSDateComponents+KSExtensions";
			sourceTree = "<group>";
		};
		C90652B71D454E6C00B15156 /* NSDate+KSExtensions */ = {
			isa = PBXGroup;
			children = (
				C90652B81D454E6C00B15156 /* NSDate+KSExtensions.h */,
				C90652B91D454E6C00B15156 /* NSDate+KSExtensions.m */,
			);
			path = "NSDate+KSExtensions";
			sourceTree = "<group>";
		};
		C90F747B1D3B7A9400F66F10 /* KSStartViewController */ = {
			isa = PBXGroup;
			children = (
				C90F747C1D3B7AAD00F66F10 /* KSStartView */,
				C90F74801D3B7B3700F66F10 /* KSStartViewController.h */,
				C90F74811D3B7B3700F66F10 /* KSStartViewController.m */,
				C90F74821D3B7B3700F66F10 /* KSStartViewController.xib */,
			);
			path = KSStartViewController;
			sourceTree = "<group>";
		};
		C90F747C1D3B7AAD00F66F10 /* KSStartView */ = {
			isa = PBXGroup;
			children = (
				C90F74851D3B7B6700F66F10 /* KSStartView.h */,
				C90F74861D3B7B6700F66F10 /* KSStartView.m */,
			);
			path = KSStartView;
			sourceTree = "<group>";
		};
		C933E3BC1D62E920007AFCAB /* KSReserveContext */ = {
			isa = PBXGroup;
			children = (
				C933E3BD1D62E920007AFCAB /* KSReserveContext.h */,
				C933E3BE1D62E920007AFCAB /* KSReserveContext.m */,
			);
			path = KSReserveContext;
			sourceTree = "<group>";
		};
		C933E3C41D63476E007AFCAB /* NSDateFormatter+KSExtensions */ = {
			isa = PBXGroup;
			children = (
				C933E3C51D6347A3007AFCAB /* NSDateFormatter+KSExtensions.h */,
				C933E3C61D6347A3007AFCAB /* NSDateFormatter+KSExtensions.m */,
			);
			path = "NSDateFormatter+KSExtensions";
			sourceTree = "<group>";
		};
		C938F9651D2E877C0081DB7D = {
			isa = PBXGroup;
			children = (
				C938F9701D2E877C0081DB7D /* Akvamarin */,
				C938F96F1D2E877C0081DB7D /* Products */,
				51BBF3FA92DDA71CD625BB75 /* Pods */,
				2F2B7EBFF154D1E7D9EDE57E /* Frameworks */,
			);
			sourceTree = "<group>";
		};
		C938F96F1D2E877C0081DB7D /* Products */ = {
			isa = PBXGroup;
			children = (
				C938F96E1D2E877C0081DB7D /* Akvamarin.app */,
			);
			name = Products;
			sourceTree = "<group>";
		};
		C938F9701D2E877C0081DB7D /* Akvamarin */ = {
			isa = PBXGroup;
			children = (
				C938FA321D2EC0C30081DB7D /* Library */,
				C938F99F1D2E8CDD0081DB7D /* Sourse */,
				C938F9881D2E88DA0081DB7D /* Supporting Files */,
			);
			path = Akvamarin;
			sourceTree = "<group>";
		};
		C938F9881D2E88DA0081DB7D /* Supporting Files */ = {
			isa = PBXGroup;
			children = (
				C94BC1C51D39778C00C3E960 /* Constants */,
				C95A3BE01D3820A900B7A60C /* Base.lproj */,
				C938F99A1D2E8A7B0081DB7D /* AppDelegate */,
				C938F98C1D2E88DA0081DB7D /* Assets.xcassets */,
				C938FAC41D2EC12A0081DB7D /* KSProject-Prefix.pch */,
				C938F9911D2E88DA0081DB7D /* Info.plist */,
				C938F9921D2E88DA0081DB7D /* main.m */,
			);
			path = "Supporting Files";
			sourceTree = "<group>";
		};
		C938F99A1D2E8A7B0081DB7D /* AppDelegate */ = {
			isa = PBXGroup;
			children = (
				C938F99B1D2E8A7B0081DB7D /* AppDelegate.h */,
				C938F99C1D2E8A7B0081DB7D /* AppDelegate.m */,
			);
			path = AppDelegate;
			sourceTree = "<group>";
		};
		C938F99F1D2E8CDD0081DB7D /* Sourse */ = {
			isa = PBXGroup;
			children = (
				C94BC1861D39706E00C3E960 /* Models */,
				C95A3BDB1D38122F00B7A60C /* Contexts */,
				C9BA5E221D2EC8FE0055B238 /* UI */,
			);
			path = Sourse;
			sourceTree = "<group>";
		};
		C938FA321D2EC0C30081DB7D /* Library */ = {
			isa = PBXGroup;
			children = (
				C938FA331D2EC0C30081DB7D /* Extensions */,
				C938FA561D2EC0C30081DB7D /* KSExtentionsLibraryImporting.h */,
				C938FA571D2EC0C30081DB7D /* KSMacro */,
				C938FA591D2EC0C30081DB7D /* Models */,
				C938FA861D2EC0C30081DB7D /* UI */,
			);
			path = Library;
			sourceTree = "<group>";
		};
		C938FA331D2EC0C30081DB7D /* Extensions */ = {
			isa = PBXGroup;
			children = (
				C933E3C41D63476E007AFCAB /* NSDateFormatter+KSExtensions */,
				C93B0C5C1D56177B00195A95 /* UIColor+KSExtensions */,
				C90652B71D454E6C00B15156 /* NSDate+KSExtensions */,
				C9017C801D44097900F9E6E1 /* NSDateComponents+KSExtensions */,
				C938FA341D2EC0C30081DB7D /* CGGeometry+KSExtensions */,
				C938FA371D2EC0C30081DB7D /* NSBundle+KSExtensions */,
				C938FA3A1D2EC0C30081DB7D /* NSFileManager+KSExtensions */,
				C938FA3D1D2EC0C30081DB7D /* NSObject+KSExtension */,
				C938FA401D2EC0C30081DB7D /* NSString+KSExtension */,
				C938FA431D2EC0C30081DB7D /* UIBarButtonItem+KSExtensions */,
				C938FA461D2EC0C30081DB7D /* UICollectionView+KSExtensions */,
				C938FA4A1D2EC0C30081DB7D /* UINib+KSExtensions */,
				C938FA4D1D2EC0C30081DB7D /* UITableView+KSExtensions */,
				C938FA501D2EC0C30081DB7D /* UIViewController+KSExtensions */,
				C938FA531D2EC0C30081DB7D /* UIWindow+KSExtension */,
			);
			path = Extensions;
			sourceTree = "<group>";
		};
		C938FA341D2EC0C30081DB7D /* CGGeometry+KSExtensions */ = {
			isa = PBXGroup;
			children = (
				C938FA351D2EC0C30081DB7D /* CGGeometry+KSExtensions.h */,
				C938FA361D2EC0C30081DB7D /* CGGeometry+KSExtensions.m */,
			);
			path = "CGGeometry+KSExtensions";
			sourceTree = "<group>";
		};
		C938FA371D2EC0C30081DB7D /* NSBundle+KSExtensions */ = {
			isa = PBXGroup;
			children = (
				C938FA381D2EC0C30081DB7D /* NSBundle+KSExtensions.h */,
				C938FA391D2EC0C30081DB7D /* NSBundle+KSExtensions.m */,
			);
			path = "NSBundle+KSExtensions";
			sourceTree = "<group>";
		};
		C938FA3A1D2EC0C30081DB7D /* NSFileManager+KSExtensions */ = {
			isa = PBXGroup;
			children = (
				C938FA3B1D2EC0C30081DB7D /* NSFileManager+KSExtensions.h */,
				C938FA3C1D2EC0C30081DB7D /* NSFileManager+KSExtensions.m */,
			);
			path = "NSFileManager+KSExtensions";
			sourceTree = "<group>";
		};
		C938FA3D1D2EC0C30081DB7D /* NSObject+KSExtension */ = {
			isa = PBXGroup;
			children = (
				C938FA3E1D2EC0C30081DB7D /* NSObject+KSExtension.h */,
				C938FA3F1D2EC0C30081DB7D /* NSObject+KSExtension.m */,
			);
			path = "NSObject+KSExtension";
			sourceTree = "<group>";
		};
		C938FA401D2EC0C30081DB7D /* NSString+KSExtension */ = {
			isa = PBXGroup;
			children = (
				C938FA411D2EC0C30081DB7D /* NSString+KSExtension.h */,
				C938FA421D2EC0C30081DB7D /* NSString+KSExtension.m */,
			);
			path = "NSString+KSExtension";
			sourceTree = "<group>";
		};
		C938FA431D2EC0C30081DB7D /* UIBarButtonItem+KSExtensions */ = {
			isa = PBXGroup;
			children = (
				C938FA441D2EC0C30081DB7D /* UIBarButtonItem+KSExtensions.h */,
				C938FA451D2EC0C30081DB7D /* UIBarButtonItem+KSExtensions.m */,
			);
			path = "UIBarButtonItem+KSExtensions";
			sourceTree = "<group>";
		};
		C938FA461D2EC0C30081DB7D /* UICollectionView+KSExtensions */ = {
			isa = PBXGroup;
			children = (
				C938FA471D2EC0C30081DB7D /* UICollectionView+UICollectionView.h */,
				C938FA481D2EC0C30081DB7D /* UICollectionView+UICollectionView.m */,
				C938FA491D2EC0C30081DB7D /* UICollectionView_UICollectionView.h */,
			);
			path = "UICollectionView+KSExtensions";
			sourceTree = "<group>";
		};
		C938FA4A1D2EC0C30081DB7D /* UINib+KSExtensions */ = {
			isa = PBXGroup;
			children = (
				C938FA4B1D2EC0C30081DB7D /* UINib+KSExtensions.h */,
				C938FA4C1D2EC0C30081DB7D /* UINib+KSExtensions.m */,
			);
			path = "UINib+KSExtensions";
			sourceTree = "<group>";
		};
		C938FA4D1D2EC0C30081DB7D /* UITableView+KSExtensions */ = {
			isa = PBXGroup;
			children = (
				C938FA4E1D2EC0C30081DB7D /* UITableView+KSExtensions.h */,
				C938FA4F1D2EC0C30081DB7D /* UITableView+KSExtensions.m */,
			);
			path = "UITableView+KSExtensions";
			sourceTree = "<group>";
		};
		C938FA501D2EC0C30081DB7D /* UIViewController+KSExtensions */ = {
			isa = PBXGroup;
			children = (
				C938FA511D2EC0C30081DB7D /* UIViewController+KSExtensions.h */,
				C938FA521D2EC0C30081DB7D /* UIViewController+KSExtensions.m */,
			);
			path = "UIViewController+KSExtensions";
			sourceTree = "<group>";
		};
		C938FA531D2EC0C30081DB7D /* UIWindow+KSExtension */ = {
			isa = PBXGroup;
			children = (
				C938FA541D2EC0C30081DB7D /* UIWindow+KSExtension.h */,
				C938FA551D2EC0C30081DB7D /* UIWindow+KSExtension.m */,
			);
			path = "UIWindow+KSExtension";
			sourceTree = "<group>";
		};
		C938FA571D2EC0C30081DB7D /* KSMacro */ = {
			isa = PBXGroup;
			children = (
				C938FA581D2EC0C30081DB7D /* KSMacro.h */,
			);
			path = KSMacro;
			sourceTree = "<group>";
		};
		C938FA591D2EC0C30081DB7D /* Models */ = {
			isa = PBXGroup;
			children = (
				C966100F1D7A0DBD008875E6 /* KSCache */,
				C938FA5A1D2EC0C30081DB7D /* KSAlphabet */,
				C938FA6D1D2EC0C30081DB7D /* KSDispatch */,
				C938FA701D2EC0C30081DB7D /* KSModel */,
				C938FA731D2EC0C30081DB7D /* KSObserver */,
				C938FA801D2EC0C30081DB7D /* KSStateModel */,
			);
			path = Models;
			sourceTree = "<group>";
		};
		C938FA5A1D2EC0C30081DB7D /* KSAlphabet */ = {
			isa = PBXGroup;
			children = (
				C938FA5B1D2EC0C30081DB7D /* KSAlphabet.h */,
				C938FA5C1D2EC0C30081DB7D /* KSAlphabet.m */,
				C938FA5D1D2EC0C30081DB7D /* Private */,
			);
			path = KSAlphabet;
			sourceTree = "<group>";
		};
		C938FA5D1D2EC0C30081DB7D /* Private */ = {
			isa = PBXGroup;
			children = (
				C938FA5E1D2EC0C30081DB7D /* KSAlphabetCluster.h */,
				C938FA5F1D2EC0C30081DB7D /* KSAlphabetCluster.m */,
				C938FA601D2EC0C30081DB7D /* KSAlphabetRange.h */,
				C938FA611D2EC0C30081DB7D /* KSAlphabetRange.m */,
				C938FA621D2EC0C30081DB7D /* KSAlphabetString.h */,
				C938FA631D2EC0C30081DB7D /* KSAlphabetString.m */,
			);
			path = Private;
			sourceTree = "<group>";
		};
		C938FA6D1D2EC0C30081DB7D /* KSDispatch */ = {
			isa = PBXGroup;
			children = (
				C938FA6E1D2EC0C30081DB7D /* KSDispatch.h */,
				C938FA6F1D2EC0C30081DB7D /* KSDispatch.m */,
			);
			path = KSDispatch;
			sourceTree = "<group>";
		};
		C938FA701D2EC0C30081DB7D /* KSModel */ = {
			isa = PBXGroup;
			children = (
				C938FA711D2EC0C30081DB7D /* KSModel.h */,
				C938FA721D2EC0C30081DB7D /* KSModel.m */,
			);
			path = KSModel;
			sourceTree = "<group>";
		};
		C938FA731D2EC0C30081DB7D /* KSObserver */ = {
			isa = PBXGroup;
			children = (
				C938FA741D2EC0C30081DB7D /* KSObserver.h */,
				C938FA751D2EC0C30081DB7D /* KSObserver.m */,
				C938FA761D2EC0C30081DB7D /* KSPrivate */,
			);
			path = KSObserver;
			sourceTree = "<group>";
		};
		C938FA761D2EC0C30081DB7D /* KSPrivate */ = {
			isa = PBXGroup;
			children = (
				C938FA771D2EC0C30081DB7D /* KSObserverArray */,
				C938FA7A1D2EC0C30081DB7D /* KSObserverDictionary */,
				C938FA7D1D2EC0C30081DB7D /* KSObserverObject */,
			);
			path = KSPrivate;
			sourceTree = "<group>";
		};
		C938FA771D2EC0C30081DB7D /* KSObserverArray */ = {
			isa = PBXGroup;
			children = (
				C938FA781D2EC0C30081DB7D /* KSObserverArray.h */,
				C938FA791D2EC0C30081DB7D /* KSObserverArray.m */,
			);
			path = KSObserverArray;
			sourceTree = "<group>";
		};
		C938FA7A1D2EC0C30081DB7D /* KSObserverDictionary */ = {
			isa = PBXGroup;
			children = (
				C938FA7B1D2EC0C30081DB7D /* KSObserverDictionary.h */,
				C938FA7C1D2EC0C30081DB7D /* KSObserverDictionary.m */,
			);
			path = KSObserverDictionary;
			sourceTree = "<group>";
		};
		C938FA7D1D2EC0C30081DB7D /* KSObserverObject */ = {
			isa = PBXGroup;
			children = (
				C938FA7E1D2EC0C30081DB7D /* KSObserverObject.h */,
				C938FA7F1D2EC0C30081DB7D /* KSObserverObject.m */,
			);
			path = KSObserverObject;
			sourceTree = "<group>";
		};
		C938FA801D2EC0C30081DB7D /* KSStateModel */ = {
			isa = PBXGroup;
			children = (
				C938FA811D2EC0C30081DB7D /* KSStateModel.h */,
				C938FA821D2EC0C30081DB7D /* KSStateModel.m */,
			);
			path = KSStateModel;
			sourceTree = "<group>";
		};
		C938FA861D2EC0C30081DB7D /* UI */ = {
			isa = PBXGroup;
			children = (
				C938FA871D2EC0C30081DB7D /* KSImageView */,
				C938FA981D2EC0C30081DB7D /* KSView */,
			);
			path = UI;
			sourceTree = "<group>";
		};
		C938FA871D2EC0C30081DB7D /* KSImageView */ = {
			isa = PBXGroup;
			children = (
				C938FA881D2EC0C30081DB7D /* KSImageModel */,
				C938FA8B1D2EC0C30081DB7D /* KSImageView.h */,
				C938FA8C1D2EC0C30081DB7D /* KSImageView.m */,
			);
			path = KSImageView;
			sourceTree = "<group>";
		};
		C938FA881D2EC0C30081DB7D /* KSImageModel */ = {
			isa = PBXGroup;
			children = (
				C938FA891D2EC0C30081DB7D /* KSImageModel.h */,
				C938FA8A1D2EC0C30081DB7D /* KSImageModel.m */,
			);
			path = KSImageModel;
			sourceTree = "<group>";
		};
		C938FA981D2EC0C30081DB7D /* KSView */ = {
			isa = PBXGroup;
			children = (
				C938FA991D2EC0C30081DB7D /* KSLoadingView */,
				C938FA9D1D2EC0C30081DB7D /* KSView.h */,
				C938FA9E1D2EC0C30081DB7D /* KSView.m */,
			);
			path = KSView;
			sourceTree = "<group>";
		};
		C938FA991D2EC0C30081DB7D /* KSLoadingView */ = {
			isa = PBXGroup;
			children = (
				C938FA9A1D2EC0C30081DB7D /* KSLoadingView.h */,
				C938FA9B1D2EC0C30081DB7D /* KSLoadingView.m */,
				C938FA9C1D2EC0C30081DB7D /* KSLoadingView.xib */,
			);
			path = KSLoadingView;
			sourceTree = "<group>";
		};
		C93B0C5C1D56177B00195A95 /* UIColor+KSExtensions */ = {
			isa = PBXGroup;
			children = (
				C93B0C5D1D5617B800195A95 /* UIColor+KSExtensions.h */,
				C93B0C5E1D5617B800195A95 /* UIColor+KSExtensions.m */,
			);
			path = "UIColor+KSExtensions";
			sourceTree = "<group>";
		};
		C9424F1D1D509D420077E1C0 /* KSCalendarContext */ = {
			isa = PBXGroup;
			children = (
				C9424F1E1D509D420077E1C0 /* KSCalendarContext.h */,
				C9424F1F1D509D420077E1C0 /* KSCalendarContext.m */,
			);
			path = KSCalendarContext;
			sourceTree = "<group>";
		};
		C9424F201D509D420077E1C0 /* KSPhotoZoneContext */ = {
			isa = PBXGroup;
			children = (
				C9424F221D509D7A0077E1C0 /* KSPhotoZoneContext.h */,
				C9424F231D509D7A0077E1C0 /* KSPhotoZoneContext.m */,
			);
			path = KSPhotoZoneContext;
			sourceTree = "<group>";
		};
		C9424F2F1D5119CB0077E1C0 /* KSPhoto */ = {
			isa = PBXGroup;
			children = (
				C9424F301D5119CB0077E1C0 /* KSPhoto+CoreDataProperties.h */,
				C9424F311D5119CB0077E1C0 /* KSPhoto+CoreDataProperties.m */,
				C9424F321D5119CB0077E1C0 /* KSPhoto.h */,
				C9424F331D5119CB0077E1C0 /* KSPhoto.m */,
			);
			name = KSPhoto;
			path = Akvamarin/Sourse/Models/KSCoreDataModel/KSPhoto;
			sourceTree = SOURCE_ROOT;
		};
		C9424F341D5119CB0077E1C0 /* KSPhotoZone */ = {
			isa = PBXGroup;
			children = (
				C9424F351D5119CB0077E1C0 /* KSPhotoZone+CoreDataProperties.h */,
				C9424F361D5119CB0077E1C0 /* KSPhotoZone+CoreDataProperties.m */,
				C9424F371D5119CB0077E1C0 /* KSPhotoZone.h */,
				C9424F381D5119CB0077E1C0 /* KSPhotoZone.m */,
			);
			name = KSPhotoZone;
			path = Akvamarin/Sourse/Models/KSCoreDataModel/KSPhotoZone;
			sourceTree = SOURCE_ROOT;
		};
		C94AEC1D1D30DB0300C1E4EB /* KSCalendarView */ = {
			isa = PBXGroup;
			children = (
				C94AEC1E1D30DB1600C1E4EB /* KSCalendarView.h */,
				C94AEC1F1D30DB1600C1E4EB /* KSCalendarView.m */,
			);
			path = KSCalendarView;
			sourceTree = "<group>";
		};
		C94BC1861D39706E00C3E960 /* Models */ = {
			isa = PBXGroup;
			children = (
				C97199571D5E5D3C00FC618D /* KSPhoneNumberModel */,
				C97199531D5E5CF000FC618D /* KSEmailModel */,
				C94BC1871D3970C100C3E960 /* KSCoreDataModel */,
			);
			path = Models;
			sourceTree = "<group>";
		};
		C94BC1871D3970C100C3E960 /* KSCoreDataModel */ = {
			isa = PBXGroup;
			children = (
				C9424F2F1D5119CB0077E1C0 /* KSPhoto */,
				C9424F341D5119CB0077E1C0 /* KSPhotoZone */,
				C94BC1C81D3978F800C3E960 /* KSManagedObject */,
				C94BC1AA1D3976E400C3E960 /* KSCalendar */,
				C94BC1B31D3976E400C3E960 /* KSEvent */,
				C94BC1881D39717700C3E960 /* KSCoreDataModel.xcdatamodeld */,
			);
			path = KSCoreDataModel;
			sourceTree = "<group>";
		};
		C94BC1AA1D3976E400C3E960 /* KSCalendar */ = {
			isa = PBXGroup;
			children = (
				C94BC1AB1D3976E400C3E960 /* KSCalendar+CoreDataProperties.h */,
				C94BC1AC1D3976E400C3E960 /* KSCalendar+CoreDataProperties.m */,
				C94BC1AD1D3976E400C3E960 /* KSCalendar.h */,
				C94BC1AE1D3976E400C3E960 /* KSCalendar.m */,
			);
			path = KSCalendar;
			sourceTree = "<group>";
		};
		C94BC1B31D3976E400C3E960 /* KSEvent */ = {
			isa = PBXGroup;
			children = (
				C94BC1B41D3976E400C3E960 /* KSEvent+CoreDataProperties.h */,
				C94BC1B51D3976E400C3E960 /* KSEvent+CoreDataProperties.m */,
				C94BC1B61D3976E400C3E960 /* KSEvent.h */,
				C94BC1B71D3976E400C3E960 /* KSEvent.m */,
			);
			path = KSEvent;
			sourceTree = "<group>";
		};
		C94BC1C51D39778C00C3E960 /* Constants */ = {
			isa = PBXGroup;
			children = (
				C94BC1C61D3977BE00C3E960 /* KSCalendarConstants.h */,
				C94BC1C71D3977D400C3E960 /* KSCoreDataConstants.h */,
				C9424F251D50E5DF0077E1C0 /* KSRequestConstants.h */,
				C9424F3D1D5130AC0077E1C0 /* KSPhotoZoneConstants.h */,
				C933E3C81D634FE6007AFCAB /* KSAlertViewConstants.h */,
			);
			path = Constants;
			sourceTree = "<group>";
		};
		C94BC1C81D3978F800C3E960 /* KSManagedObject */ = {
			isa = PBXGroup;
			children = (
				C94BC1C91D3978F800C3E960 /* KSManagedObject.h */,
				C94BC1CA1D3978F800C3E960 /* KSManagedObject.m */,
			);
			path = KSManagedObject;
			sourceTree = "<group>";
		};
		C94D00D91D461B0C00EBA795 /* KSReserveViewController */ = {
			isa = PBXGroup;
			children = (
				C94D00DF1D4693A900EBA795 /* KSReserveView */,
				C94D00DA1D461B6100EBA795 /* KSReserveViewController.h */,
				C94D00DB1D461B6100EBA795 /* KSReserveViewController.m */,
				C94D00DC1D461B6100EBA795 /* KSReserveViewController.xib */,
			);
			path = KSReserveViewController;
			sourceTree = "<group>";
		};
		C94D00DF1D4693A900EBA795 /* KSReserveView */ = {
			isa = PBXGroup;
			children = (
				C94D00E01D4693CC00EBA795 /* KSReserveView.h */,
				C94D00E11D4693CC00EBA795 /* KSReserveView.m */,
			);
			path = KSReserveView;
			sourceTree = "<group>";
		};
		C94FF4621D65EC4D00D81620 /* KSContactsViewController */ = {
			isa = PBXGroup;
			children = (
				C94FF4681D65EC8700D81620 /* KSContactsView */,
				C94FF4631D65EC6900D81620 /* KSContactsViewController.h */,
				C94FF4641D65EC6900D81620 /* KSContactsViewController.m */,
				C94FF4651D65EC6900D81620 /* KSContactsViewController.xib */,
			);
			path = KSContactsViewController;
			sourceTree = "<group>";
		};
		C94FF4681D65EC8700D81620 /* KSContactsView */ = {
			isa = PBXGroup;
			children = (
				C94FF4691D65ECA000D81620 /* KSContactsView.h */,
				C94FF46A1D65ECA000D81620 /* KSContactsView.m */,
			);
			path = KSContactsView;
			sourceTree = "<group>";
		};
		C95A3BDB1D38122F00B7A60C /* Contexts */ = {
			isa = PBXGroup;
			children = (
				C933E3BC1D62E920007AFCAB /* KSReserveContext */,
				C9F815231D53C1A2007B47FB /* KSContext */,
				C9424F1D1D509D420077E1C0 /* KSCalendarContext */,
				C9424F201D509D420077E1C0 /* KSPhotoZoneContext */,
			);
			path = Contexts;
			sourceTree = "<group>";
		};
		C95A3BE01D3820A900B7A60C /* Base.lproj */ = {
			isa = PBXGroup;
			children = (
				C95A3BE11D3820A900B7A60C /* LaunchScreen.storyboard */,
				C95A3BE31D3820A900B7A60C /* Main.storyboard */,
			);
			path = Base.lproj;
			sourceTree = "<group>";
		};
		C966100F1D7A0DBD008875E6 /* KSCache */ = {
			isa = PBXGroup;
			children = (
				C96610101D7A0DBD008875E6 /* KSCache.h */,
				C96610111D7A0DBD008875E6 /* KSCache.m */,
			);
			path = KSCache;
			sourceTree = "<group>";
		};
		C97199531D5E5CF000FC618D /* KSEmailModel */ = {
			isa = PBXGroup;
			children = (
				C97199541D5E5CF000FC618D /* KSEmailModel.h */,
				C97199551D5E5CF000FC618D /* KSEmailModel.m */,
			);
			path = KSEmailModel;
			sourceTree = "<group>";
		};
		C97199571D5E5D3C00FC618D /* KSPhoneNumberModel */ = {
			isa = PBXGroup;
			children = (
				C97199581D5E5D3C00FC618D /* KSPhoneNumberModel.h */,
				C97199591D5E5D3C00FC618D /* KSPhoneNumberModel.m */,
			);
			path = KSPhoneNumberModel;
			sourceTree = "<group>";
		};
		C97199891D5F6DCC00FC618D /* KSPriceVewController */ = {
			isa = PBXGroup;
			children = (
				C971998A1D5F6DE400FC618D /* KSPriceView */,
				C971998E1D5F6E1F00FC618D /* KSPriceViewController.h */,
				C971998F1D5F6E1F00FC618D /* KSPriceViewController.m */,
				C97199901D5F6E1F00FC618D /* KSPriceViewController.xib */,
			);
			path = KSPriceVewController;
			sourceTree = "<group>";
		};
		C971998A1D5F6DE400FC618D /* KSPriceView */ = {
			isa = PBXGroup;
			children = (
				C971998B1D5F6DF800FC618D /* KSPriceView.h */,
				C971998C1D5F6DF800FC618D /* KSPriceView.m */,
			);
			path = KSPriceView;
			sourceTree = "<group>";
		};
		C99349591D4DFFF3008F456E /* KSPhotoZoneViewController */ = {
			isa = PBXGroup;
			children = (
				C99349631D4E0144008F456E /* KSPhotoZoneViewCell */,
				C993495F1D4E002C008F456E /* KSPhotoZoneView */,
				C993495A1D4E001C008F456E /* KSPhotoZoneViewController.h */,
				C993495B1D4E001C008F456E /* KSPhotoZoneViewController.m */,
				C993495C1D4E001C008F456E /* KSPhotoZoneViewController.xib */,
			);
			path = KSPhotoZoneViewController;
			sourceTree = "<group>";
		};
		C993495F1D4E002C008F456E /* KSPhotoZoneView */ = {
			isa = PBXGroup;
			children = (
				C99349601D4E0049008F456E /* KSPhotoZoneView.h */,
				C99349611D4E0049008F456E /* KSPhotoZoneView.m */,
			);
			path = KSPhotoZoneView;
			sourceTree = "<group>";
		};
		C99349631D4E0144008F456E /* KSPhotoZoneViewCell */ = {
			isa = PBXGroup;
			children = (
				C99349691D4E1D79008F456E /* KSPhotoZoneViewCell.h */,
				C993496A1D4E1D79008F456E /* KSPhotoZoneViewCell.m */,
				C993496B1D4E1D79008F456E /* KSPhotoZoneViewCell.xib */,
			);
			path = KSPhotoZoneViewCell;
			sourceTree = "<group>";
		};
		C9BA5E221D2EC8FE0055B238 /* UI */ = {
			isa = PBXGroup;
			children = (
				C94FF4621D65EC4D00D81620 /* KSContactsViewController */,
				C97199891D5F6DCC00FC618D /* KSPriceVewController */,
				C9F8151F1D53BEDA007B47FB /* KSCustomViewController */,
				C99349591D4DFFF3008F456E /* KSPhotoZoneViewController */,
				C94D00D91D461B0C00EBA795 /* KSReserveViewController */,
				C90F747B1D3B7A9400F66F10 /* KSStartViewController */,
				C9BA5E231D2EC9A10055B238 /* KSCalendarViewController */,
			);
			path = UI;
			sourceTree = "<group>";
		};
		C9BA5E231D2EC9A10055B238 /* KSCalendarViewController */ = {
			isa = PBXGroup;
			children = (
				C94AEC1D1D30DB0300C1E4EB /* KSCalendarView */,
				C94AEC211D30DF9400C1E4EB /* KSCalendarViewController.h */,
				C94AEC221D30DF9400C1E4EB /* KSCalendarViewController.m */,
				C94AEC231D30DF9400C1E4EB /* KSCalendarViewController.xib */,
			);
			path = KSCalendarViewController;
			sourceTree = "<group>";
		};
		C9F8151F1D53BEDA007B47FB /* KSCustomViewController */ = {
			isa = PBXGroup;
			children = (
				C9F815201D53BF06007B47FB /* KSCustomViewController.h */,
				C9F815211D53BF06007B47FB /* KSCustomViewController.m */,
			);
			path = KSCustomViewController;
			sourceTree = "<group>";
		};
		C9F815231D53C1A2007B47FB /* KSContext */ = {
			isa = PBXGroup;
			children = (
				C9F815241D53C1D6007B47FB /* KSContext.h */,
				C9F815251D53C1D6007B47FB /* KSContext.m */,
			);
			path = KSContext;
			sourceTree = "<group>";
		};
/* End PBXGroup section */

/* Begin PBXNativeTarget section */
		C938F96D1D2E877C0081DB7D /* Akvamarin */ = {
			isa = PBXNativeTarget;
			buildConfigurationList = C938F9851D2E877C0081DB7D /* Build configuration list for PBXNativeTarget "Akvamarin" */;
			buildPhases = (
				F6D984168D0E14581F177716 /* [CP] Check Pods Manifest.lock */,
				C938F96A1D2E877C0081DB7D /* Sources */,
				C938F96B1D2E877C0081DB7D /* Frameworks */,
				C938F96C1D2E877C0081DB7D /* Resources */,
				F053798EC5B9862D40D501D5 /* [CP] Embed Pods Frameworks */,
				425745752060B887EDAA270A /* [CP] Copy Pods Resources */,
			);
			buildRules = (
			);
			dependencies = (
			);
			name = Akvamarin;
			productName = Akvamarin;
			productReference = C938F96E1D2E877C0081DB7D /* Akvamarin.app */;
			productType = "com.apple.product-type.application";
		};
/* End PBXNativeTarget section */

/* Begin PBXProject section */
		C938F9661D2E877C0081DB7D /* Project object */ = {
			isa = PBXProject;
			attributes = {
				LastUpgradeCheck = 0730;
				ORGANIZATIONNAME = KulikovS;
				TargetAttributes = {
					C938F96D1D2E877C0081DB7D = {
						CreatedOnToolsVersion = 7.3;
						ProvisioningStyle = Manual;
					};
				};
			};
			buildConfigurationList = C938F9691D2E877C0081DB7D /* Build configuration list for PBXProject "Akvamarin" */;
			compatibilityVersion = "Xcode 3.2";
			developmentRegion = English;
			hasScannedForEncodings = 0;
			knownRegions = (
				en,
				Base,
			);
			mainGroup = C938F9651D2E877C0081DB7D;
			productRefGroup = C938F96F1D2E877C0081DB7D /* Products */;
			projectDirPath = "";
			projectRoot = "";
			targets = (
				C938F96D1D2E877C0081DB7D /* Akvamarin */,
			);
		};
/* End PBXProject section */

/* Begin PBXResourcesBuildPhase section */
		C938F96C1D2E877C0081DB7D /* Resources */ = {
			isa = PBXResourcesBuildPhase;
			buildActionMask = 2147483647;
			files = (
				C95A3BE61D3820A900B7A60C /* Main.storyboard in Resources */,
				C94AEC251D30DF9400C1E4EB /* KSCalendarViewController.xib in Resources */,
				C97199921D5F6E1F00FC618D /* KSPriceViewController.xib in Resources */,
				C938F9941D2E88DA0081DB7D /* Assets.xcassets in Resources */,
				C95A3BE51D3820A900B7A60C /* LaunchScreen.storyboard in Resources */,
				C94D00DE1D461B6100EBA795 /* KSReserveViewController.xib in Resources */,
				C993496D1D4E1D79008F456E /* KSPhotoZoneViewCell.xib in Resources */,
				C94FF4671D65EC6900D81620 /* KSContactsViewController.xib in Resources */,
				C90F74841D3B7B3700F66F10 /* KSStartViewController.xib in Resources */,
				C993495E1D4E001C008F456E /* KSPhotoZoneViewController.xib in Resources */,
				C938FAC11D2EC0C30081DB7D /* KSLoadingView.xib in Resources */,
			);
			runOnlyForDeploymentPostprocessing = 0;
		};
/* End PBXResourcesBuildPhase section */

/* Begin PBXShellScriptBuildPhase section */
		425745752060B887EDAA270A /* [CP] Copy Pods Resources */ = {
			isa = PBXShellScriptBuildPhase;
			buildActionMask = 2147483647;
			files = (
			);
			inputPaths = (
			);
			name = "[CP] Copy Pods Resources";
			outputPaths = (
			);
			runOnlyForDeploymentPostprocessing = 0;
			shellPath = /bin/sh;
			shellScript = "\"${SRCROOT}/Pods/Target Support Files/Pods-Akvamarin/Pods-Akvamarin-resources.sh\"\n";
			showEnvVarsInLog = 0;
		};
		F053798EC5B9862D40D501D5 /* [CP] Embed Pods Frameworks */ = {
			isa = PBXShellScriptBuildPhase;
			buildActionMask = 2147483647;
			files = (
			);
			inputPaths = (
			);
			name = "[CP] Embed Pods Frameworks";
			outputPaths = (
			);
			runOnlyForDeploymentPostprocessing = 0;
			shellPath = /bin/sh;
			shellScript = "\"${SRCROOT}/Pods/Target Support Files/Pods-Akvamarin/Pods-Akvamarin-frameworks.sh\"\n";
			showEnvVarsInLog = 0;
		};
		F6D984168D0E14581F177716 /* [CP] Check Pods Manifest.lock */ = {
			isa = PBXShellScriptBuildPhase;
			buildActionMask = 2147483647;
			files = (
			);
			inputPaths = (
			);
			name = "[CP] Check Pods Manifest.lock";
			outputPaths = (
			);
			runOnlyForDeploymentPostprocessing = 0;
			shellPath = /bin/sh;
			shellScript = "diff \"${PODS_ROOT}/../Podfile.lock\" \"${PODS_ROOT}/Manifest.lock\" > /dev/null\nif [ $? != 0 ] ; then\n    # print error to STDERR\n    echo \"error: The sandbox is not in sync with the Podfile.lock. Run 'pod install' or update your CocoaPods installation.\" >&2\n    exit 1\nfi\n";
			showEnvVarsInLog = 0;
		};
/* End PBXShellScriptBuildPhase section */

/* Begin PBXSourcesBuildPhase section */
		C938F96A1D2E877C0081DB7D /* Sources */ = {
			isa = PBXSourcesBuildPhase;
			buildActionMask = 2147483647;
			files = (
				C938FAB71D2EC0C30081DB7D /* KSStateModel.m in Sources */,
				C933E3C71D6347A3007AFCAB /* NSDateFormatter+KSExtensions.m in Sources */,
				C938FAA41D2EC0C30081DB7D /* UIBarButtonItem+KSExtensions.m in Sources */,
				C938FAB41D2EC0C30081DB7D /* KSObserverArray.m in Sources */,
				C97199911D5F6E1F00FC618D /* KSPriceViewController.m in Sources */,
				C938FAB61D2EC0C30081DB7D /* KSObserverObject.m in Sources */,
				C938FAB21D2EC0C30081DB7D /* KSModel.m in Sources */,
				C938FA9F1D2EC0C30081DB7D /* CGGeometry+KSExtensions.m in Sources */,
				C9017C831D44097900F9E6E1 /* NSDateComponents+KSExtensions.m in Sources */,
				C96610121D7A0DBD008875E6 /* KSCache.m in Sources */,
				C94FF4661D65EC6900D81620 /* KSContactsViewController.m in Sources */,
				C94D00DD1D461B6100EBA795 /* KSReserveViewController.m in Sources */,
				C97199561D5E5CF000FC618D /* KSEmailModel.m in Sources */,
				C94AEC201D30DB1600C1E4EB /* KSCalendarView.m in Sources */,
				C94BC1C21D3976E400C3E960 /* KSEvent.m in Sources */,
				C938FAA71D2EC0C30081DB7D /* UITableView+KSExtensions.m in Sources */,
				C938FAA31D2EC0C30081DB7D /* NSString+KSExtension.m in Sources */,
				C938FABA1D2EC0C30081DB7D /* KSImageView.m in Sources */,
				C9424F241D509D7A0077E1C0 /* KSPhotoZoneContext.m in Sources */,
				C90652BA1D454E6C00B15156 /* NSDate+KSExtensions.m in Sources */,
				C94AEC241D30DF9400C1E4EB /* KSCalendarViewController.m in Sources */,
				C94BC1BD1D3976E400C3E960 /* KSCalendar+CoreDataProperties.m in Sources */,
				C938FAA81D2EC0C30081DB7D /* UIViewController+KSExtensions.m in Sources */,
				C94BC18A1D39717700C3E960 /* KSCoreDataModel.xcdatamodeld in Sources */,
				C90F74871D3B7B6700F66F10 /* KSStartView.m in Sources */,
				C938FAA11D2EC0C30081DB7D /* NSFileManager+KSExtensions.m in Sources */,
				C938FAC01D2EC0C30081DB7D /* KSLoadingView.m in Sources */,
				C9424F391D5119CB0077E1C0 /* KSPhoto+CoreDataProperties.m in Sources */,
				C938FAAB1D2EC0C30081DB7D /* KSAlphabetCluster.m in Sources */,
				C938FAB51D2EC0C30081DB7D /* KSObserverDictionary.m in Sources */,
				C938FAB11D2EC0C30081DB7D /* KSDispatch.m in Sources */,
				C993496C1D4E1D79008F456E /* KSPhotoZoneViewCell.m in Sources */,
				C94FF46B1D65ECA000D81620 /* KSContactsView.m in Sources */,
				C94D00E21D4693CC00EBA795 /* KSReserveView.m in Sources */,
				C938FAAD1D2EC0C30081DB7D /* KSAlphabetString.m in Sources */,
				C938FAA91D2EC0C30081DB7D /* UIWindow+KSExtension.m in Sources */,
				C94BC1C11D3976E400C3E960 /* KSEvent+CoreDataProperties.m in Sources */,
				C9424F3C1D5119CB0077E1C0 /* KSPhotoZone.m in Sources */,
				C993495D1D4E001C008F456E /* KSPhotoZoneViewController.m in Sources */,
				C9F815261D53C1D6007B47FB /* KSContext.m in Sources */,
				C9424F3B1D5119CB0077E1C0 /* KSPhotoZone+CoreDataProperties.m in Sources */,
				C90F74831D3B7B3700F66F10 /* KSStartViewController.m in Sources */,
				C938FAAC1D2EC0C30081DB7D /* KSAlphabetRange.m in Sources */,
				C938F99D1D2E8A7B0081DB7D /* AppDelegate.m in Sources */,
				C938FAA01D2EC0C30081DB7D /* NSBundle+KSExtensions.m in Sources */,
				C971995A1D5E5D3C00FC618D /* KSPhoneNumberModel.m in Sources */,
				C938F9981D2E88DA0081DB7D /* main.m in Sources */,
				C933E3BF1D62E920007AFCAB /* KSReserveContext.m in Sources */,
				C938FAA61D2EC0C30081DB7D /* UINib+KSExtensions.m in Sources */,
				C9424F211D509D420077E1C0 /* KSCalendarContext.m in Sources */,
				C938FAB91D2EC0C30081DB7D /* KSImageModel.m in Sources */,
				C94BC1CB1D3978F800C3E960 /* KSManagedObject.m in Sources */,
				C938FAC21D2EC0C30081DB7D /* KSView.m in Sources */,
				C938FAA51D2EC0C30081DB7D /* UICollectionView+UICollectionView.m in Sources */,
				C938FAB31D2EC0C30081DB7D /* KSObserver.m in Sources */,
				C99349621D4E0049008F456E /* KSPhotoZoneView.m in Sources */,
				C938FAAA1D2EC0C30081DB7D /* KSAlphabet.m in Sources */,
				C971998D1D5F6DF800FC618D /* KSPriceView.m in Sources */,
				C9424F3A1D5119CB0077E1C0 /* KSPhoto.m in Sources */,
				C938FAA21D2EC0C30081DB7D /* NSObject+KSExtension.m in Sources */,
				C9F815221D53BF06007B47FB /* KSCustomViewController.m in Sources */,
				C93B0C5F1D5617B800195A95 /* UIColor+KSExtensions.m in Sources */,
				C94BC1BE1D3976E400C3E960 /* KSCalendar.m in Sources */,
			);
			runOnlyForDeploymentPostprocessing = 0;
		};
/* End PBXSourcesBuildPhase section */

/* Begin PBXVariantGroup section */
		C95A3BE11D3820A900B7A60C /* LaunchScreen.storyboard */ = {
			isa = PBXVariantGroup;
			children = (
				C95A3BE21D3820A900B7A60C /* Base */,
			);
			name = LaunchScreen.storyboard;
			sourceTree = "<group>";
		};
		C95A3BE31D3820A900B7A60C /* Main.storyboard */ = {
			isa = PBXVariantGroup;
			children = (
				C95A3BE41D3820A900B7A60C /* Base */,
			);
			name = Main.storyboard;
			sourceTree = "<group>";
		};
/* End PBXVariantGroup section */

/* Begin XCBuildConfiguration section */
		C938F9831D2E877C0081DB7D /* Debug */ = {
			isa = XCBuildConfiguration;
			buildSettings = {
				ALWAYS_SEARCH_USER_PATHS = NO;
				CLANG_ANALYZER_NONNULL = YES;
				CLANG_CXX_LANGUAGE_STANDARD = "gnu++0x";
				CLANG_CXX_LIBRARY = "libc++";
				CLANG_ENABLE_MODULES = YES;
				CLANG_ENABLE_OBJC_ARC = YES;
				CLANG_WARN_BOOL_CONVERSION = YES;
				CLANG_WARN_CONSTANT_CONVERSION = YES;
				CLANG_WARN_DIRECT_OBJC_ISA_USAGE = YES_ERROR;
				CLANG_WARN_EMPTY_BODY = YES;
				CLANG_WARN_ENUM_CONVERSION = YES;
				CLANG_WARN_INT_CONVERSION = YES;
				CLANG_WARN_OBJC_ROOT_CLASS = YES_ERROR;
				CLANG_WARN_UNREACHABLE_CODE = YES;
				CLANG_WARN__DUPLICATE_METHOD_MATCH = YES;
				"CODE_SIGN_IDENTITY[sdk=iphoneos*]" = "iPhone Developer";
				COPY_PHASE_STRIP = NO;
				DEBUG_INFORMATION_FORMAT = dwarf;
				ENABLE_STRICT_OBJC_MSGSEND = YES;
				ENABLE_TESTABILITY = YES;
				GCC_C_LANGUAGE_STANDARD = gnu99;
				GCC_DYNAMIC_NO_PIC = NO;
				GCC_NO_COMMON_BLOCKS = YES;
				GCC_OPTIMIZATION_LEVEL = 0;
				GCC_PREPROCESSOR_DEFINITIONS = (
					"DEBUG=1",
					"$(inherited)",
				);
				GCC_WARN_64_TO_32_BIT_CONVERSION = YES;
				GCC_WARN_ABOUT_RETURN_TYPE = YES_ERROR;
				GCC_WARN_UNDECLARED_SELECTOR = YES;
				GCC_WARN_UNINITIALIZED_AUTOS = YES_AGGRESSIVE;
				GCC_WARN_UNUSED_FUNCTION = YES;
				GCC_WARN_UNUSED_VARIABLE = YES;
				IPHONEOS_DEPLOYMENT_TARGET = 9.3;
				MTL_ENABLE_DEBUG_INFO = YES;
				ONLY_ACTIVE_ARCH = YES;
				SDKROOT = iphoneos;
			};
			name = Debug;
		};
		C938F9841D2E877C0081DB7D /* Release */ = {
			isa = XCBuildConfiguration;
			buildSettings = {
				ALWAYS_SEARCH_USER_PATHS = NO;
				CLANG_ANALYZER_NONNULL = YES;
				CLANG_CXX_LANGUAGE_STANDARD = "gnu++0x";
				CLANG_CXX_LIBRARY = "libc++";
				CLANG_ENABLE_MODULES = YES;
				CLANG_ENABLE_OBJC_ARC = YES;
				CLANG_WARN_BOOL_CONVERSION = YES;
				CLANG_WARN_CONSTANT_CONVERSION = YES;
				CLANG_WARN_DIRECT_OBJC_ISA_USAGE = YES_ERROR;
				CLANG_WARN_EMPTY_BODY = YES;
				CLANG_WARN_ENUM_CONVERSION = YES;
				CLANG_WARN_INT_CONVERSION = YES;
				CLANG_WARN_OBJC_ROOT_CLASS = YES_ERROR;
				CLANG_WARN_UNREACHABLE_CODE = YES;
				CLANG_WARN__DUPLICATE_METHOD_MATCH = YES;
				"CODE_SIGN_IDENTITY[sdk=iphoneos*]" = "iPhone Developer";
				COPY_PHASE_STRIP = NO;
				DEBUG_INFORMATION_FORMAT = "dwarf-with-dsym";
				ENABLE_NS_ASSERTIONS = NO;
				ENABLE_STRICT_OBJC_MSGSEND = YES;
				GCC_C_LANGUAGE_STANDARD = gnu99;
				GCC_NO_COMMON_BLOCKS = YES;
				GCC_WARN_64_TO_32_BIT_CONVERSION = YES;
				GCC_WARN_ABOUT_RETURN_TYPE = YES_ERROR;
				GCC_WARN_UNDECLARED_SELECTOR = YES;
				GCC_WARN_UNINITIALIZED_AUTOS = YES_AGGRESSIVE;
				GCC_WARN_UNUSED_FUNCTION = YES;
				GCC_WARN_UNUSED_VARIABLE = YES;
				IPHONEOS_DEPLOYMENT_TARGET = 9.3;
				MTL_ENABLE_DEBUG_INFO = NO;
				SDKROOT = iphoneos;
				VALIDATE_PRODUCT = YES;
			};
			name = Release;
		};
		C938F9861D2E877C0081DB7D /* Debug */ = {
			isa = XCBuildConfiguration;
			baseConfigurationReference = 62D6F54CD53AAFC30B3CD6F0 /* Pods-Akvamarin.debug.xcconfig */;
			buildSettings = {
				ASSETCATALOG_COMPILER_APPICON_NAME = AppIcon;
				DEVELOPMENT_TEAM = "";
				GCC_INCREASE_PRECOMPILED_HEADER_SHARING = NO;
				GCC_PREFIX_HEADER = "$(PROJECT_DIR)/Akvamarin/Supporting Files/KSProject-Prefix.pch";
				INFOPLIST_FILE = "$(SRCROOT)/Akvamarin/Supporting Files/Info.plist";
				IPHONEOS_DEPLOYMENT_TARGET = 9.3;
				LD_RUNPATH_SEARCH_PATHS = "$(inherited) @executable_path/Frameworks";
				PRODUCT_BUNDLE_IDENTIFIER = com.KS.Akvamarin;
				PRODUCT_NAME = "$(TARGET_NAME)";
			};
			name = Debug;
		};
		C938F9871D2E877C0081DB7D /* Release */ = {
			isa = XCBuildConfiguration;
			baseConfigurationReference = 17D9BAD509108C25542D7939 /* Pods-Akvamarin.release.xcconfig */;
			buildSettings = {
				ASSETCATALOG_COMPILER_APPICON_NAME = AppIcon;
				DEVELOPMENT_TEAM = "";
				GCC_INCREASE_PRECOMPILED_HEADER_SHARING = NO;
				GCC_PREFIX_HEADER = "$(PROJECT_DIR)/Akvamarin/Supporting Files/KSProject-Prefix.pch";
				INFOPLIST_FILE = "$(SRCROOT)/Akvamarin/Supporting Files/Info.plist";
				IPHONEOS_DEPLOYMENT_TARGET = 9.3;
				LD_RUNPATH_SEARCH_PATHS = "$(inherited) @executable_path/Frameworks";
				PRODUCT_BUNDLE_IDENTIFIER = com.KS.Akvamarin;
				PRODUCT_NAME = "$(TARGET_NAME)";
			};
			name = Release;
		};
/* End XCBuildConfiguration section */

/* Begin XCConfigurationList section */
		C938F9691D2E877C0081DB7D /* Build configuration list for PBXProject "Akvamarin" */ = {
			isa = XCConfigurationList;
			buildConfigurations = (
				C938F9831D2E877C0081DB7D /* Debug */,
				C938F9841D2E877C0081DB7D /* Release */,
			);
			defaultConfigurationIsVisible = 0;
			defaultConfigurationName = Release;
		};
		C938F9851D2E877C0081DB7D /* Build configuration list for PBXNativeTarget "Akvamarin" */ = {
			isa = XCConfigurationList;
			buildConfigurations = (
				C938F9861D2E877C0081DB7D /* Debug */,
				C938F9871D2E877C0081DB7D /* Release */,
			);
			defaultConfigurationIsVisible = 0;
			defaultConfigurationName = Release;
		};
/* End XCConfigurationList section */

/* Begin XCVersionGroup section */
		C94BC1881D39717700C3E960 /* KSCoreDataModel.xcdatamodeld */ = {
			isa = XCVersionGroup;
			children = (
				C94BC1891D39717700C3E960 /* KSCoreDataModel.xcdatamodel */,
			);
			currentVersion = C94BC1891D39717700C3E960 /* KSCoreDataModel.xcdatamodel */;
			path = KSCoreDataModel.xcdatamodeld;
			sourceTree = "<group>";
			versionGroupType = wrapper.xcdatamodel;
		};
/* End XCVersionGroup section */
	};
	rootObject = C938F9661D2E877C0081DB7D /* Project object */;
}
